
Microsoft Visual Studio Solution File, Format Version 12.00
# Visual Studio Version 17
Project("{2150E333-8FDC-42A3-9474-1A3956D46DE8}") = "CMakePredefinedTargets", "CMakePredefinedTargets", "{CDC4D101-AB08-3E62-8493-B67FC1A38ADE}"
EndProject
Project("{8BC9CEB8-8B4A-11D0-8D11-00A0C91BC942}") = "ALL_BUILD", "ALL_BUILD.vcxproj", "{89B9BFA6-8C03-3899-840E-9310DDC03857}"
	ProjectSection(ProjectDependencies) = postProject
		{3F0832A5-98E3-3EE4-A6A8-36677EDC832A} = {3F0832A5-98E3-3EE4-A6A8-36677EDC832A}
		{08BFF570-7E15-3655-BB49-A2F004DC3435} = {08BFF570-7E15-3655-BB49-A2F004DC3435}
		{6FD47CDB-A39C-3886-B403-CB9488639498} = {6FD47CDB-A39C-3886-B403-CB9488639498}
		{859B7A9D-196E-3E96-A17C-67FB484C660E} = {859B7A9D-196E-3E96-A17C-67FB484C660E}
		{A8FE531F-269E-35C6-8B50-83EDA69FD8D3} = {A8FE531F-269E-35C6-8B50-83EDA69FD8D3}
		{B2BA6C74-4E2A-3E09-84B4-A208B38800E6} = {B2BA6C74-4E2A-3E09-84B4-A208B38800E6}
	EndProjectSection
EndProject
Project("{8BC9CEB8-8B4A-11D0-8D11-00A0C91BC942}") = "ZERO_CHECK", "ZERO_CHECK.vcxproj", "{3F0832A5-98E3-3EE4-A6A8-36677EDC832A}"
	ProjectSection(ProjectDependencies) = postProject
	EndProjectSection
EndProject
Project("{8BC9CEB8-8B4A-11D0-8D11-00A0C91BC942}") = "calculations", "calculations.vcxproj", "{08BFF570-7E15-3655-BB49-A2F004DC3435}"
	ProjectSection(ProjectDependencies) = postProject
		{3F0832A5-98E3-3EE4-A6A8-36677EDC832A} = {3F0832A5-98E3-3EE4-A6A8-36677EDC832A}
	EndProjectSection
EndProject
Project("{8BC9CEB8-8B4A-11D0-8D11-00A0C91BC942}") = "checksum", "checksum.vcxproj", "{6FD47CDB-A39C-3886-B403-CB9488639498}"
	ProjectSection(ProjectDependencies) = postProject
		{3F0832A5-98E3-3EE4-A6A8-36677EDC832A} = {3F0832A5-98E3-3EE4-A6A8-36677EDC832A}
		{A8FE531F-269E-35C6-8B50-83EDA69FD8D3} = {A8FE531F-269E-35C6-8B50-83EDA69FD8D3}
		{B2BA6C74-4E2A-3E09-84B4-A208B38800E6} = {B2BA6C74-4E2A-3E09-84B4-A208B38800E6}
	EndProjectSection
EndProject
Project("{8BC9CEB8-8B4A-11D0-8D11-00A0C91BC942}") = "drawing", "drawing.vcxproj", "{859B7A9D-196E-3E96-A17C-67FB484C660E}"
	ProjectSection(ProjectDependencies) = postProject
		{3F0832A5-98E3-3EE4-A6A8-36677EDC832A} = {3F0832A5-98E3-3EE4-A6A8-36677EDC832A}
	EndProjectSection
EndProject
Project("{8BC9CEB8-8B4A-11D0-8D11-00A0C91BC942}") = "gui_app", "gui_app.vcxproj", "{A8FE531F-269E-35C6-8B50-83EDA69FD8D3}"
	ProjectSection(ProjectDependencies) = postProject
		{3F0832A5-98E3-3EE4-A6A8-36677EDC832A} = {3F0832A5-98E3-3EE4-A6A8-36677EDC832A}
		{08BFF570-7E15-3655-BB49-A2F004DC3435} = {08BFF570-7E15-3655-BB49-A2F004DC3435}
		{859B7A9D-196E-3E96-A17C-67FB484C660E} = {859B7A9D-196E-3E96-A17C-67FB484C660E}
	EndProjectSection
EndProject
Project("{8BC9CEB8-8B4A-11D0-8D11-00A0C91BC942}") = "terminal_app", "terminal_app.vcxproj", "{B2BA6C74-4E2A-3E09-84B4-A208B38800E6}"
	ProjectSection(ProjectDependencies) = postProject
		{3F0832A5-98E3-3EE4-A6A8-36677EDC832A} = {3F0832A5-98E3-3EE4-A6A8-36677EDC832A}
		{08BFF570-7E15-3655-BB49-A2F004DC3435} = {08BFF570-7E15-3655-BB49-A2F004DC3435}
	EndProjectSection
EndProject
Global
	GlobalSection(SolutionConfigurationPlatforms) = preSolution
		Debug|x64 = Debug|x64
		Release|x64 = Release|x64
		MinSizeRel|x64 = MinSizeRel|x64
		RelWithDebInfo|x64 = RelWithDebInfo|x64
	EndGlobalSection
	GlobalSection(ProjectConfigurationPlatforms) = postSolution
		{89B9BFA6-8C03-3899-840E-9310DDC03857}.Debug|x64.ActiveCfg = Debug|x64
		{89B9BFA6-8C03-3899-840E-9310DDC03857}.Release|x64.ActiveCfg = Release|x64
		{89B9BFA6-8C03-3899-840E-9310DDC03857}.MinSizeRel|x64.ActiveCfg = MinSizeRel|x64
		{89B9BFA6-8C03-3899-840E-9310DDC03857}.RelWithDebInfo|x64.ActiveCfg = RelWithDebInfo|x64
		{3F0832A5-98E3-3EE4-A6A8-36677EDC832A}.Debug|x64.ActiveCfg = Debug|x64
		{3F0832A5-98E3-3EE4-A6A8-36677EDC832A}.Debug|x64.Build.0 = Debug|x64
		{3F0832A5-98E3-3EE4-A6A8-36677EDC832A}.Release|x64.ActiveCfg = Release|x64
		{3F0832A5-98E3-3EE4-A6A8-36677EDC832A}.Release|x64.Build.0 = Release|x64
		{3F0832A5-98E3-3EE4-A6A8-36677EDC832A}.MinSizeRel|x64.ActiveCfg = MinSizeRel|x64
		{3F0832A5-98E3-3EE4-A6A8-36677EDC832A}.MinSizeRel|x64.Build.0 = MinSizeRel|x64
		{3F0832A5-98E3-3EE4-A6A8-36677EDC832A}.RelWithDebInfo|x64.ActiveCfg = RelWithDebInfo|x64
		{3F0832A5-98E3-3EE4-A6A8-36677EDC832A}.RelWithDebInfo|x64.Build.0 = RelWithDebInfo|x64
		{08BFF570-7E15-3655-BB49-A2F004DC3435}.Debug|x64.ActiveCfg = Debug|x64
		{08BFF570-7E15-3655-BB49-A2F004DC3435}.Debug|x64.Build.0 = Debug|x64
		{08BFF570-7E15-3655-BB49-A2F004DC3435}.Release|x64.ActiveCfg = Release|x64
		{08BFF570-7E15-3655-BB49-A2F004DC3435}.Release|x64.Build.0 = Release|x64
		{08BFF570-7E15-3655-BB49-A2F004DC3435}.MinSizeRel|x64.ActiveCfg = MinSizeRel|x64
		{08BFF570-7E15-3655-BB49-A2F004DC3435}.MinSizeRel|x64.Build.0 = MinSizeRel|x64
		{08BFF570-7E15-3655-BB49-A2F004DC3435}.RelWithDebInfo|x64.ActiveCfg = RelWithDebInfo|x64
		{08BFF570-7E15-3655-BB49-A2F004DC3435}.RelWithDebInfo|x64.Build.0 = RelWithDebInfo|x64
		{6FD47CDB-A39C-3886-B403-CB9488639498}.Debug|x64.ActiveCfg = Debug|x64
		{6FD47CDB-A39C-3886-B403-CB9488639498}.Debug|x64.Build.0 = Debug|x64
		{6FD47CDB-A39C-3886-B403-CB9488639498}.Release|x64.ActiveCfg = Release|x64
		{6FD47CDB-A39C-3886-B403-CB9488639498}.Release|x64.Build.0 = Release|x64
		{6FD47CDB-A39C-3886-B403-CB9488639498}.MinSizeRel|x64.ActiveCfg = MinSizeRel|x64
		{6FD47CDB-A39C-3886-B403-CB9488639498}.MinSizeRel|x64.Build.0 = MinSizeRel|x64
		{6FD47CDB-A39C-3886-B403-CB9488639498}.RelWithDebInfo|x64.ActiveCfg = RelWithDebInfo|x64
		{6FD47CDB-A39C-3886-B403-CB9488639498}.RelWithDebInfo|x64.Build.0 = RelWithDebInfo|x64
		{859B7A9D-196E-3E96-A17C-67FB484C660E}.Debug|x64.ActiveCfg = Debug|x64
		{859B7A9D-196E-3E96-A17C-67FB484C660E}.Debug|x64.Build.0 = Debug|x64
		{859B7A9D-196E-3E96-A17C-67FB484C660E}.Release|x64.ActiveCfg = Release|x64
		{859B7A9D-196E-3E96-A17C-67FB484C660E}.Release|x64.Build.0 = Release|x64
		{859B7A9D-196E-3E96-A17C-67FB484C660E}.MinSizeRel|x64.ActiveCfg = MinSizeRel|x64
		{859B7A9D-196E-3E96-A17C-67FB484C660E}.MinSizeRel|x64.Build.0 = MinSizeRel|x64
		{859B7A9D-196E-3E96-A17C-67FB484C660E}.RelWithDebInfo|x64.ActiveCfg = RelWithDebInfo|x64
		{859B7A9D-196E-3E96-A17C-67FB484C660E}.RelWithDebInfo|x64.Build.0 = RelWithDebInfo|x64
		{A8FE531F-269E-35C6-8B50-83EDA69FD8D3}.Debug|x64.ActiveCfg = Debug|x64
		{A8FE531F-269E-35C6-8B50-83EDA69FD8D3}.Debug|x64.Build.0 = Debug|x64
		{A8FE531F-269E-35C6-8B50-83EDA69FD8D3}.Release|x64.ActiveCfg = Release|x64
		{A8FE531F-269E-35C6-8B50-83EDA69FD8D3}.Release|x64.Build.0 = Release|x64
		{A8FE531F-269E-35C6-8B50-83EDA69FD8D3}.MinSizeRel|x64.ActiveCfg = MinSizeRel|x64
		{A8FE531F-269E-35C6-8B50-83EDA69FD8D3}.MinSizeRel|x64.Build.0 = MinSizeRel|x64
		{A8FE531F-269E-35C6-8B50-83EDA69FD8D3}.RelWithDebInfo|x64.ActiveCfg = RelWithDebInfo|x64
		{A8FE531F-269E-35C6-8B50-83EDA69FD8D3}.RelWithDebInfo|x64.Build.0 = RelWithDebInfo|x64
		{B2BA6C74-4E2A-3E09-84B4-A208B38800E6}.Debug|x64.ActiveCfg = Debug|x64
		{B2BA6C74-4E2A-3E09-84B4-A208B38800E6}.Debug|x64.Build.0 = Debug|x64
		{B2BA6C74-4E2A-3E09-84B4-A208B38800E6}.Release|x64.ActiveCfg = Release|x64
		{B2BA6C74-4E2A-3E09-84B4-A208B38800E6}.Release|x64.Build.0 = Release|x64
		{B2BA6C74-4E2A-3E09-84B4-A208B38800E6}.MinSizeRel|x64.ActiveCfg = MinSizeRel|x64
		{B2BA6C74-4E2A-3E09-84B4-A208B38800E6}.MinSizeRel|x64.Build.0 = MinSizeRel|x64
		{B2BA6C74-4E2A-3E09-84B4-A208B38800E6}.RelWithDebInfo|x64.ActiveCfg = RelWithDebInfo|x64
		{B2BA6C74-4E2A-3E09-84B4-A208B38800E6}.RelWithDebInfo|x64.Build.0 = RelWithDebInfo|x64
	EndGlobalSection
	GlobalSection(NestedProjects) = preSolution
		{89B9BFA6-8C03-3899-840E-9310DDC03857} = {CDC4D101-AB08-3E62-8493-B67FC1A38ADE}
		{3F0832A5-98E3-3EE4-A6A8-36677EDC832A} = {CDC4D101-AB08-3E62-8493-B67FC1A38ADE}
	EndGlobalSection
	GlobalSection(ExtensibilityGlobals) = postSolution
		SolutionGuid = {6543FBDD-DBC9-37A0-AC6C-5079D240B494}
	EndGlobalSection
	GlobalSection(ExtensibilityAddIns) = postSolution
	EndGlobalSection
EndGlobal
