<?xml version="1.0" encoding="utf-8"?>
<Project ToolsVersion="17.0" xmlns="http://schemas.microsoft.com/developer/msbuild/2003">
  <ItemGroup>
    <ClCompile Include="F:\cppAppDev\cmake\05-targets\01-targets\drawing.cpp">
      <Filter>Source Files</Filter>
    </ClCompile>
  </ItemGroup>
  <ItemGroup>
    <CustomBuild Include="F:\cppAppDev\cmake\05-targets\01-targets\CMakeLists.txt" />
  </ItemGroup>
  <ItemGroup>
    <Filter Include="Source Files">
      <UniqueIdentifier>{9C0BAD9B-219D-31DD-AC12-8AC690CBF04D}</UniqueIdentifier>
    </Filter>
  </ItemGroup>
</Project>
