
Microsoft Visual Studio Solution File, Format Version 12.00
# Visual Studio 2013
VisualStudioVersion = 12.0.40629.0
MinimumVisualStudioVersion = 10.0.40219.1
Project("{8BC9CEB8-8B4A-11D0-8D11-00A0C91BC942}") = "Designated_Initializers", "Designated_Initializers\Designated_Initializers.vcxproj", "{2B34BC2A-0492-4898-B65A-79B012CC53D0}"
EndProject
Project("{8BC9CEB8-8B4A-11D0-8D11-00A0C91BC942}") = "Pointer_Notation", "Pointer_Notation\Pointer_Notation.vcxproj", "{BB10375B-BB7D-4945-85A1-988AF9970BAD}"
EndProject
Project("{8BC9CEB8-8B4A-11D0-8D11-00A0C91BC942}") = "Pointer_Addition", "Pointer_Addition\Pointer_Addition.vcxproj", "{40EF1AA9-5461-46F3-B322-16CBABEB97A9}"
EndProject
Project("{8BC9CEB8-8B4A-11D0-8D11-00A0C91BC942}") = "Size_Of", "Size_Of\Size_Of.vcxproj", "{3A32CA1C-396F-406C-B7B1-42E0EF381C4C}"
EndProject
Project("{8BC9CEB8-8B4A-11D0-8D11-00A0C91BC942}") = "Const_Ptr_To_Const_Data", "Const_Ptr_To_Const_Data\Const_Ptr_To_Const_Data.vcxproj", "{8E814640-01D0-4383-94AF-D2D77D740280}"
EndProject
Project("{8BC9CEB8-8B4A-11D0-8D11-00A0C91BC942}") = "Sum_Elems_Via_Ptrs", "Sum_Elems_Via_Ptrs\Sum_Elems_Via_Ptrs.vcxproj", "{2428E1C7-C30F-4EEE-8A51-594A71A33748}"
EndProject
Project("{8BC9CEB8-8B4A-11D0-8D11-00A0C91BC942}") = "Uppercase_Via_Ptr", "Uppercase_Via_Ptr\Uppercase_Via_Ptr.vcxproj", "{801D6026-4269-4097-9213-76857024A156}"
EndProject
Project("{8BC9CEB8-8B4A-11D0-8D11-00A0C91BC942}") = "Non_Const_Ptr_To_Const_Data", "Non_Const_Ptr_To_Const_Data\Non_Const_Ptr_To_Const_Data.vcxproj", "{CB1844FA-2A7E-41C0-9CB9-66772858CBC9}"
EndProject
Project("{8BC9CEB8-8B4A-11D0-8D11-00A0C91BC942}") = "Array_Functions", "Array_Functions\Array_Functions.vcxproj", "{E4677E31-A782-4887-B821-EC8DEA2845BE}"
EndProject
Project("{8BC9CEB8-8B4A-11D0-8D11-00A0C91BC942}") = "Funny_Looking_Constants", "Funny_Looking_Constants\Funny_Looking_Constants.vcxproj", "{8AC44369-3E87-4316-8C3A-C9CC1197CF85}"
EndProject
Project("{8BC9CEB8-8B4A-11D0-8D11-00A0C91BC942}") = "Copying", "Copying\Copying.vcxproj", "{5D54872A-EE5D-4FCD-9CBB-06AC20FFAC0C}"
EndProject
Global
	GlobalSection(SolutionConfigurationPlatforms) = preSolution
		Debug|Win32 = Debug|Win32
		Release|Win32 = Release|Win32
	EndGlobalSection
	GlobalSection(ProjectConfigurationPlatforms) = postSolution
		{2B34BC2A-0492-4898-B65A-79B012CC53D0}.Debug|Win32.ActiveCfg = Debug|Win32
		{2B34BC2A-0492-4898-B65A-79B012CC53D0}.Debug|Win32.Build.0 = Debug|Win32
		{2B34BC2A-0492-4898-B65A-79B012CC53D0}.Release|Win32.ActiveCfg = Release|Win32
		{2B34BC2A-0492-4898-B65A-79B012CC53D0}.Release|Win32.Build.0 = Release|Win32
		{BB10375B-BB7D-4945-85A1-988AF9970BAD}.Debug|Win32.ActiveCfg = Debug|Win32
		{BB10375B-BB7D-4945-85A1-988AF9970BAD}.Debug|Win32.Build.0 = Debug|Win32
		{BB10375B-BB7D-4945-85A1-988AF9970BAD}.Release|Win32.ActiveCfg = Release|Win32
		{BB10375B-BB7D-4945-85A1-988AF9970BAD}.Release|Win32.Build.0 = Release|Win32
		{40EF1AA9-5461-46F3-B322-16CBABEB97A9}.Debug|Win32.ActiveCfg = Debug|Win32
		{40EF1AA9-5461-46F3-B322-16CBABEB97A9}.Debug|Win32.Build.0 = Debug|Win32
		{40EF1AA9-5461-46F3-B322-16CBABEB97A9}.Release|Win32.ActiveCfg = Release|Win32
		{40EF1AA9-5461-46F3-B322-16CBABEB97A9}.Release|Win32.Build.0 = Release|Win32
		{3A32CA1C-396F-406C-B7B1-42E0EF381C4C}.Debug|Win32.ActiveCfg = Debug|Win32
		{3A32CA1C-396F-406C-B7B1-42E0EF381C4C}.Debug|Win32.Build.0 = Debug|Win32
		{3A32CA1C-396F-406C-B7B1-42E0EF381C4C}.Release|Win32.ActiveCfg = Release|Win32
		{3A32CA1C-396F-406C-B7B1-42E0EF381C4C}.Release|Win32.Build.0 = Release|Win32
		{8E814640-01D0-4383-94AF-D2D77D740280}.Debug|Win32.ActiveCfg = Debug|Win32
		{8E814640-01D0-4383-94AF-D2D77D740280}.Debug|Win32.Build.0 = Debug|Win32
		{8E814640-01D0-4383-94AF-D2D77D740280}.Release|Win32.ActiveCfg = Release|Win32
		{8E814640-01D0-4383-94AF-D2D77D740280}.Release|Win32.Build.0 = Release|Win32
		{2428E1C7-C30F-4EEE-8A51-594A71A33748}.Debug|Win32.ActiveCfg = Debug|Win32
		{2428E1C7-C30F-4EEE-8A51-594A71A33748}.Debug|Win32.Build.0 = Debug|Win32
		{2428E1C7-C30F-4EEE-8A51-594A71A33748}.Release|Win32.ActiveCfg = Release|Win32
		{2428E1C7-C30F-4EEE-8A51-594A71A33748}.Release|Win32.Build.0 = Release|Win32
		{801D6026-4269-4097-9213-76857024A156}.Debug|Win32.ActiveCfg = Debug|Win32
		{801D6026-4269-4097-9213-76857024A156}.Debug|Win32.Build.0 = Debug|Win32
		{801D6026-4269-4097-9213-76857024A156}.Release|Win32.ActiveCfg = Release|Win32
		{801D6026-4269-4097-9213-76857024A156}.Release|Win32.Build.0 = Release|Win32
		{CB1844FA-2A7E-41C0-9CB9-66772858CBC9}.Debug|Win32.ActiveCfg = Debug|Win32
		{CB1844FA-2A7E-41C0-9CB9-66772858CBC9}.Debug|Win32.Build.0 = Debug|Win32
		{CB1844FA-2A7E-41C0-9CB9-66772858CBC9}.Release|Win32.ActiveCfg = Release|Win32
		{CB1844FA-2A7E-41C0-9CB9-66772858CBC9}.Release|Win32.Build.0 = Release|Win32
		{E4677E31-A782-4887-B821-EC8DEA2845BE}.Debug|Win32.ActiveCfg = Debug|Win32
		{E4677E31-A782-4887-B821-EC8DEA2845BE}.Debug|Win32.Build.0 = Debug|Win32
		{E4677E31-A782-4887-B821-EC8DEA2845BE}.Release|Win32.ActiveCfg = Release|Win32
		{E4677E31-A782-4887-B821-EC8DEA2845BE}.Release|Win32.Build.0 = Release|Win32
		{8AC44369-3E87-4316-8C3A-C9CC1197CF85}.Debug|Win32.ActiveCfg = Debug|Win32
		{8AC44369-3E87-4316-8C3A-C9CC1197CF85}.Debug|Win32.Build.0 = Debug|Win32
		{8AC44369-3E87-4316-8C3A-C9CC1197CF85}.Release|Win32.ActiveCfg = Release|Win32
		{8AC44369-3E87-4316-8C3A-C9CC1197CF85}.Release|Win32.Build.0 = Release|Win32
		{5D54872A-EE5D-4FCD-9CBB-06AC20FFAC0C}.Debug|Win32.ActiveCfg = Debug|Win32
		{5D54872A-EE5D-4FCD-9CBB-06AC20FFAC0C}.Debug|Win32.Build.0 = Debug|Win32
		{5D54872A-EE5D-4FCD-9CBB-06AC20FFAC0C}.Release|Win32.ActiveCfg = Release|Win32
		{5D54872A-EE5D-4FCD-9CBB-06AC20FFAC0C}.Release|Win32.Build.0 = Release|Win32
	EndGlobalSection
	GlobalSection(SolutionProperties) = preSolution
		HideSolutionNode = FALSE
	EndGlobalSection
EndGlobal
