
Microsoft Visual Studio Solution File, Format Version 12.00
# Visual Studio 15
VisualStudioVersion = 15.0.27130.2026
MinimumVisualStudioVersion = 10.0.40219.1
Project("{8BC9CEB8-8B4A-11D0-8D11-00A0C91BC942}") = "Game_Of_Craps", "Game_Of_Craps\Game_Of_Craps.vcxproj", "{C27D804F-7B13-4503-B3DC-CAD14C6245C9}"
EndProject
Project("{8BC9CEB8-8B4A-11D0-8D11-00A0C91BC942}") = "Math_Lib_Functions", "Math_Lib_Functions\Math_Lib_Functions.vcxproj", "{074E51BC-1763-404B-9461-A408A8267C45}"
EndProject
Project("{8BC9CEB8-8B4A-11D0-8D11-00A0C91BC942}") = "Scoping", "Scoping\Scoping.vcxproj", "{43973E20-C006-4EA0-9ED3-6C45EEC63A56}"
EndProject
Project("{8BC9CEB8-8B4A-11D0-8D11-00A0C91BC942}") = "Rolling", "Rolling\Rolling.vcxproj", "{F124585A-ADD9-44F8-88AC-3966AEF89B2A}"
EndProject
Global
	GlobalSection(SolutionConfigurationPlatforms) = preSolution
		Debug|x64 = Debug|x64
		Debug|x86 = Debug|x86
		Release|x64 = Release|x64
		Release|x86 = Release|x86
	EndGlobalSection
	GlobalSection(ProjectConfigurationPlatforms) = postSolution
		{C27D804F-7B13-4503-B3DC-CAD14C6245C9}.Debug|x64.ActiveCfg = Debug|x64
		{C27D804F-7B13-4503-B3DC-CAD14C6245C9}.Debug|x64.Build.0 = Debug|x64
		{C27D804F-7B13-4503-B3DC-CAD14C6245C9}.Debug|x86.ActiveCfg = Debug|Win32
		{C27D804F-7B13-4503-B3DC-CAD14C6245C9}.Debug|x86.Build.0 = Debug|Win32
		{C27D804F-7B13-4503-B3DC-CAD14C6245C9}.Release|x64.ActiveCfg = Release|x64
		{C27D804F-7B13-4503-B3DC-CAD14C6245C9}.Release|x64.Build.0 = Release|x64
		{C27D804F-7B13-4503-B3DC-CAD14C6245C9}.Release|x86.ActiveCfg = Release|Win32
		{C27D804F-7B13-4503-B3DC-CAD14C6245C9}.Release|x86.Build.0 = Release|Win32
		{074E51BC-1763-404B-9461-A408A8267C45}.Debug|x64.ActiveCfg = Debug|x64
		{074E51BC-1763-404B-9461-A408A8267C45}.Debug|x64.Build.0 = Debug|x64
		{074E51BC-1763-404B-9461-A408A8267C45}.Debug|x86.ActiveCfg = Debug|Win32
		{074E51BC-1763-404B-9461-A408A8267C45}.Debug|x86.Build.0 = Debug|Win32
		{074E51BC-1763-404B-9461-A408A8267C45}.Release|x64.ActiveCfg = Release|x64
		{074E51BC-1763-404B-9461-A408A8267C45}.Release|x64.Build.0 = Release|x64
		{074E51BC-1763-404B-9461-A408A8267C45}.Release|x86.ActiveCfg = Release|Win32
		{074E51BC-1763-404B-9461-A408A8267C45}.Release|x86.Build.0 = Release|Win32
		{43973E20-C006-4EA0-9ED3-6C45EEC63A56}.Debug|x64.ActiveCfg = Debug|x64
		{43973E20-C006-4EA0-9ED3-6C45EEC63A56}.Debug|x64.Build.0 = Debug|x64
		{43973E20-C006-4EA0-9ED3-6C45EEC63A56}.Debug|x86.ActiveCfg = Debug|Win32
		{43973E20-C006-4EA0-9ED3-6C45EEC63A56}.Debug|x86.Build.0 = Debug|Win32
		{43973E20-C006-4EA0-9ED3-6C45EEC63A56}.Release|x64.ActiveCfg = Release|x64
		{43973E20-C006-4EA0-9ED3-6C45EEC63A56}.Release|x64.Build.0 = Release|x64
		{43973E20-C006-4EA0-9ED3-6C45EEC63A56}.Release|x86.ActiveCfg = Release|Win32
		{43973E20-C006-4EA0-9ED3-6C45EEC63A56}.Release|x86.Build.0 = Release|Win32
		{F124585A-ADD9-44F8-88AC-3966AEF89B2A}.Debug|x64.ActiveCfg = Debug|x64
		{F124585A-ADD9-44F8-88AC-3966AEF89B2A}.Debug|x64.Build.0 = Debug|x64
		{F124585A-ADD9-44F8-88AC-3966AEF89B2A}.Debug|x86.ActiveCfg = Debug|Win32
		{F124585A-ADD9-44F8-88AC-3966AEF89B2A}.Debug|x86.Build.0 = Debug|Win32
		{F124585A-ADD9-44F8-88AC-3966AEF89B2A}.Release|x64.ActiveCfg = Release|x64
		{F124585A-ADD9-44F8-88AC-3966AEF89B2A}.Release|x64.Build.0 = Release|x64
		{F124585A-ADD9-44F8-88AC-3966AEF89B2A}.Release|x86.ActiveCfg = Release|Win32
		{F124585A-ADD9-44F8-88AC-3966AEF89B2A}.Release|x86.Build.0 = Release|Win32
	EndGlobalSection
	GlobalSection(SolutionProperties) = preSolution
		HideSolutionNode = FALSE
	EndGlobalSection
	GlobalSection(ExtensibilityGlobals) = postSolution
		SolutionGuid = {0778ED6E-BE52-4B71-921E-149D87BDCE67}
	EndGlobalSection
EndGlobal
