
Microsoft Visual Studio Solution File, Format Version 12.00
# Visual Studio 15
VisualStudioVersion = 15.0.28307.1622
MinimumVisualStudioVersion = 10.0.40219.1
Project("{8BC9CEB8-8B4A-11D0-8D11-00A0C91BC942}") = "LittleC", "LittleC\LittleC.vcxproj", "{66A48EF5-9D83-4745-A4B1-961E262DB7FD}"
EndProject
Global
	GlobalSection(SolutionConfigurationPlatforms) = preSolution
		Debug|x64 = Debug|x64
		Debug|x86 = Debug|x86
		Release|x64 = Release|x64
		Release|x86 = Release|x86
	EndGlobalSection
	GlobalSection(ProjectConfigurationPlatforms) = postSolution
		{66A48EF5-9D83-4745-A4B1-961E262DB7FD}.Debug|x64.ActiveCfg = Debug|x64
		{66A48EF5-9D83-4745-A4B1-961E262DB7FD}.Debug|x64.Build.0 = Debug|x64
		{66A48EF5-9D83-4745-A4B1-961E262DB7FD}.Debug|x86.ActiveCfg = Debug|Win32
		{66A48EF5-9D83-4745-A4B1-961E262DB7FD}.Debug|x86.Build.0 = Debug|Win32
		{66A48EF5-9D83-4745-A4B1-961E262DB7FD}.Release|x64.ActiveCfg = Release|x64
		{66A48EF5-9D83-4745-A4B1-961E262DB7FD}.Release|x64.Build.0 = Release|x64
		{66A48EF5-9D83-4745-A4B1-961E262DB7FD}.Release|x86.ActiveCfg = Release|Win32
		{66A48EF5-9D83-4745-A4B1-961E262DB7FD}.Release|x86.Build.0 = Release|Win32
	EndGlobalSection
	GlobalSection(SolutionProperties) = preSolution
		HideSolutionNode = FALSE
	EndGlobalSection
	GlobalSection(ExtensibilityGlobals) = postSolution
		SolutionGuid = {23CCC6E1-DFDB-4936-8818-4D423E45E8CD}
	EndGlobalSection
EndGlobal
