
Microsoft Visual Studio Solution File, Format Version 12.00
# Visual Studio 2013
VisualStudioVersion = 12.0.40629.0
MinimumVisualStudioVersion = 10.0.40219.1
Project("{8BC9CEB8-8B4A-11D0-8D11-00A0C91BC942}") = "CountingLetters", "CountingLetters\CountingLetters.vcxproj", "{4BA071A4-5332-4012-B9DB-0B2CF310A580}"
EndProject
Project("{8BC9CEB8-8B4A-11D0-8D11-00A0C91BC942}") = "Animals", "Animals\Animals.vcxproj", "{7F4D864F-5471-41F8-A654-2D4E195B53AD}"
EndProject
Project("{8BC9CEB8-8B4A-11D0-8D11-00A0C91BC942}") = "WordCounter", "WordCounter\WordCounter.vcxproj", "{7E3A511C-DC2A-4215-90E5-544078AE7523}"
EndProject
Project("{8BC9CEB8-8B4A-11D0-8D11-00A0C91BC942}") = "Divisors", "Divisors\Divisors.vcxproj", "{998F5A42-2366-42F0-8D08-5FF6DC638027}"
EndProject
Project("{8BC9CEB8-8B4A-11D0-8D11-00A0C91BC942}") = "Vowels", "Vowels\Vowels.vcxproj", "{4B754BFF-471D-4578-AB19-4A30EE510711}"
EndProject
Project("{8BC9CEB8-8B4A-11D0-8D11-00A0C91BC942}") = "Continue", "Continue\Continue.vcxproj", "{E818BEB7-792E-45B5-AC8A-9D7A7400CBFB}"
EndProject
Project("{8BC9CEB8-8B4A-11D0-8D11-00A0C91BC942}") = "Power", "Power\Power.vcxproj", "{1ABED081-E2CB-46DE-94CF-4E69BE48E7AA}"
EndProject
Project("{8BC9CEB8-8B4A-11D0-8D11-00A0C91BC942}") = "Colddays", "Colddays\Colddays.vcxproj", "{027EADC5-B742-4966-958B-5A530502549D}"
EndProject
Project("{8BC9CEB8-8B4A-11D0-8D11-00A0C91BC942}") = "Cypher1", "Cypher1\Cypher1.vcxproj", "{E465DD8B-1340-4C2B-A44D-FF2A5C6609C5}"
EndProject
Project("{8BC9CEB8-8B4A-11D0-8D11-00A0C91BC942}") = "Break", "Break\Break.vcxproj", "{1259C6F1-1389-46A4-82C3-BC1B4E2B17A4}"
EndProject
Project("{8BC9CEB8-8B4A-11D0-8D11-00A0C91BC942}") = "Paint", "Paint\Paint.vcxproj", "{8E88CAA5-19C4-45B9-AD67-901A3DA692D5}"
EndProject
Project("{8BC9CEB8-8B4A-11D0-8D11-00A0C91BC942}") = "Boolean", "Boolean\Boolean.vcxproj", "{0D379FBE-6E68-4528-9880-3EE759C9B264}"
EndProject
Project("{8BC9CEB8-8B4A-11D0-8D11-00A0C91BC942}") = "Cypher2", "Cypher2\Cypher2.vcxproj", "{D786F55B-D3BA-4B3A-A6C5-164E87D2F3E6}"
EndProject
Project("{8BC9CEB8-8B4A-11D0-8D11-00A0C91BC942}") = "Do_While", "Do_While\Do_While.vcxproj", "{8832DE61-90C6-4A8E-A643-5D0584E1E54B}"
EndProject
Project("{8BC9CEB8-8B4A-11D0-8D11-00A0C91BC942}") = "Floating_Point_Comparisons", "Floating_Point_Comparisons\Floating_Point_Comparisons.vcxproj", "{492ED17D-F689-4DAE-9DF8-2A3A7A37411D}"
EndProject
Project("{8BC9CEB8-8B4A-11D0-8D11-00A0C91BC942}") = "Series_Sum", "Series_Sum\Series_Sum.vcxproj", "{7BA46935-C83B-4573-9811-4314C6741B72}"
EndProject
Project("{8BC9CEB8-8B4A-11D0-8D11-00A0C91BC942}") = "Postage", "Postage\Postage.vcxproj", "{F8BAACC8-B4D8-433A-B289-3D329C075616}"
EndProject
Project("{8BC9CEB8-8B4A-11D0-8D11-00A0C91BC942}") = "Rows2", "Rows2\Rows2.vcxproj", "{DA231B57-6F9D-431D-AD59-3B71059D2692}"
EndProject
Project("{8BC9CEB8-8B4A-11D0-8D11-00A0C91BC942}") = "Ch_Count", "Ch_Count\Ch_Count.vcxproj", "{6742E1B0-FAEF-419D-B141-9C8DA6044893}"
EndProject
Project("{8BC9CEB8-8B4A-11D0-8D11-00A0C91BC942}") = "For_Char", "For_Char\For_Char.vcxproj", "{C7BFE9F1-052C-4381-BDF3-F3FE598924FE}"
EndProject
Global
	GlobalSection(SolutionConfigurationPlatforms) = preSolution
		Debug|Win32 = Debug|Win32
		Release|Win32 = Release|Win32
	EndGlobalSection
	GlobalSection(ProjectConfigurationPlatforms) = postSolution
		{4BA071A4-5332-4012-B9DB-0B2CF310A580}.Debug|Win32.ActiveCfg = Debug|Win32
		{4BA071A4-5332-4012-B9DB-0B2CF310A580}.Debug|Win32.Build.0 = Debug|Win32
		{4BA071A4-5332-4012-B9DB-0B2CF310A580}.Release|Win32.ActiveCfg = Release|Win32
		{4BA071A4-5332-4012-B9DB-0B2CF310A580}.Release|Win32.Build.0 = Release|Win32
		{7F4D864F-5471-41F8-A654-2D4E195B53AD}.Debug|Win32.ActiveCfg = Debug|Win32
		{7F4D864F-5471-41F8-A654-2D4E195B53AD}.Debug|Win32.Build.0 = Debug|Win32
		{7F4D864F-5471-41F8-A654-2D4E195B53AD}.Release|Win32.ActiveCfg = Release|Win32
		{7F4D864F-5471-41F8-A654-2D4E195B53AD}.Release|Win32.Build.0 = Release|Win32
		{7E3A511C-DC2A-4215-90E5-544078AE7523}.Debug|Win32.ActiveCfg = Debug|Win32
		{7E3A511C-DC2A-4215-90E5-544078AE7523}.Debug|Win32.Build.0 = Debug|Win32
		{7E3A511C-DC2A-4215-90E5-544078AE7523}.Release|Win32.ActiveCfg = Release|Win32
		{7E3A511C-DC2A-4215-90E5-544078AE7523}.Release|Win32.Build.0 = Release|Win32
		{998F5A42-2366-42F0-8D08-5FF6DC638027}.Debug|Win32.ActiveCfg = Debug|Win32
		{998F5A42-2366-42F0-8D08-5FF6DC638027}.Debug|Win32.Build.0 = Debug|Win32
		{998F5A42-2366-42F0-8D08-5FF6DC638027}.Release|Win32.ActiveCfg = Release|Win32
		{998F5A42-2366-42F0-8D08-5FF6DC638027}.Release|Win32.Build.0 = Release|Win32
		{4B754BFF-471D-4578-AB19-4A30EE510711}.Debug|Win32.ActiveCfg = Debug|Win32
		{4B754BFF-471D-4578-AB19-4A30EE510711}.Debug|Win32.Build.0 = Debug|Win32
		{4B754BFF-471D-4578-AB19-4A30EE510711}.Release|Win32.ActiveCfg = Release|Win32
		{4B754BFF-471D-4578-AB19-4A30EE510711}.Release|Win32.Build.0 = Release|Win32
		{E818BEB7-792E-45B5-AC8A-9D7A7400CBFB}.Debug|Win32.ActiveCfg = Debug|Win32
		{E818BEB7-792E-45B5-AC8A-9D7A7400CBFB}.Debug|Win32.Build.0 = Debug|Win32
		{E818BEB7-792E-45B5-AC8A-9D7A7400CBFB}.Release|Win32.ActiveCfg = Release|Win32
		{E818BEB7-792E-45B5-AC8A-9D7A7400CBFB}.Release|Win32.Build.0 = Release|Win32
		{1ABED081-E2CB-46DE-94CF-4E69BE48E7AA}.Debug|Win32.ActiveCfg = Debug|Win32
		{1ABED081-E2CB-46DE-94CF-4E69BE48E7AA}.Debug|Win32.Build.0 = Debug|Win32
		{1ABED081-E2CB-46DE-94CF-4E69BE48E7AA}.Release|Win32.ActiveCfg = Release|Win32
		{1ABED081-E2CB-46DE-94CF-4E69BE48E7AA}.Release|Win32.Build.0 = Release|Win32
		{027EADC5-B742-4966-958B-5A530502549D}.Debug|Win32.ActiveCfg = Debug|Win32
		{027EADC5-B742-4966-958B-5A530502549D}.Debug|Win32.Build.0 = Debug|Win32
		{027EADC5-B742-4966-958B-5A530502549D}.Release|Win32.ActiveCfg = Release|Win32
		{027EADC5-B742-4966-958B-5A530502549D}.Release|Win32.Build.0 = Release|Win32
		{E465DD8B-1340-4C2B-A44D-FF2A5C6609C5}.Debug|Win32.ActiveCfg = Debug|Win32
		{E465DD8B-1340-4C2B-A44D-FF2A5C6609C5}.Debug|Win32.Build.0 = Debug|Win32
		{E465DD8B-1340-4C2B-A44D-FF2A5C6609C5}.Release|Win32.ActiveCfg = Release|Win32
		{E465DD8B-1340-4C2B-A44D-FF2A5C6609C5}.Release|Win32.Build.0 = Release|Win32
		{1259C6F1-1389-46A4-82C3-BC1B4E2B17A4}.Debug|Win32.ActiveCfg = Debug|Win32
		{1259C6F1-1389-46A4-82C3-BC1B4E2B17A4}.Debug|Win32.Build.0 = Debug|Win32
		{1259C6F1-1389-46A4-82C3-BC1B4E2B17A4}.Release|Win32.ActiveCfg = Release|Win32
		{1259C6F1-1389-46A4-82C3-BC1B4E2B17A4}.Release|Win32.Build.0 = Release|Win32
		{8E88CAA5-19C4-45B9-AD67-901A3DA692D5}.Debug|Win32.ActiveCfg = Debug|Win32
		{8E88CAA5-19C4-45B9-AD67-901A3DA692D5}.Debug|Win32.Build.0 = Debug|Win32
		{8E88CAA5-19C4-45B9-AD67-901A3DA692D5}.Release|Win32.ActiveCfg = Release|Win32
		{8E88CAA5-19C4-45B9-AD67-901A3DA692D5}.Release|Win32.Build.0 = Release|Win32
		{0D379FBE-6E68-4528-9880-3EE759C9B264}.Debug|Win32.ActiveCfg = Debug|Win32
		{0D379FBE-6E68-4528-9880-3EE759C9B264}.Debug|Win32.Build.0 = Debug|Win32
		{0D379FBE-6E68-4528-9880-3EE759C9B264}.Release|Win32.ActiveCfg = Release|Win32
		{0D379FBE-6E68-4528-9880-3EE759C9B264}.Release|Win32.Build.0 = Release|Win32
		{D786F55B-D3BA-4B3A-A6C5-164E87D2F3E6}.Debug|Win32.ActiveCfg = Debug|Win32
		{D786F55B-D3BA-4B3A-A6C5-164E87D2F3E6}.Debug|Win32.Build.0 = Debug|Win32
		{D786F55B-D3BA-4B3A-A6C5-164E87D2F3E6}.Release|Win32.ActiveCfg = Release|Win32
		{D786F55B-D3BA-4B3A-A6C5-164E87D2F3E6}.Release|Win32.Build.0 = Release|Win32
		{8832DE61-90C6-4A8E-A643-5D0584E1E54B}.Debug|Win32.ActiveCfg = Debug|Win32
		{8832DE61-90C6-4A8E-A643-5D0584E1E54B}.Debug|Win32.Build.0 = Debug|Win32
		{8832DE61-90C6-4A8E-A643-5D0584E1E54B}.Release|Win32.ActiveCfg = Release|Win32
		{8832DE61-90C6-4A8E-A643-5D0584E1E54B}.Release|Win32.Build.0 = Release|Win32
		{492ED17D-F689-4DAE-9DF8-2A3A7A37411D}.Debug|Win32.ActiveCfg = Debug|Win32
		{492ED17D-F689-4DAE-9DF8-2A3A7A37411D}.Debug|Win32.Build.0 = Debug|Win32
		{492ED17D-F689-4DAE-9DF8-2A3A7A37411D}.Release|Win32.ActiveCfg = Release|Win32
		{492ED17D-F689-4DAE-9DF8-2A3A7A37411D}.Release|Win32.Build.0 = Release|Win32
		{7BA46935-C83B-4573-9811-4314C6741B72}.Debug|Win32.ActiveCfg = Debug|Win32
		{7BA46935-C83B-4573-9811-4314C6741B72}.Debug|Win32.Build.0 = Debug|Win32
		{7BA46935-C83B-4573-9811-4314C6741B72}.Release|Win32.ActiveCfg = Release|Win32
		{7BA46935-C83B-4573-9811-4314C6741B72}.Release|Win32.Build.0 = Release|Win32
		{F8BAACC8-B4D8-433A-B289-3D329C075616}.Debug|Win32.ActiveCfg = Debug|Win32
		{F8BAACC8-B4D8-433A-B289-3D329C075616}.Debug|Win32.Build.0 = Debug|Win32
		{F8BAACC8-B4D8-433A-B289-3D329C075616}.Release|Win32.ActiveCfg = Release|Win32
		{F8BAACC8-B4D8-433A-B289-3D329C075616}.Release|Win32.Build.0 = Release|Win32
		{DA231B57-6F9D-431D-AD59-3B71059D2692}.Debug|Win32.ActiveCfg = Debug|Win32
		{DA231B57-6F9D-431D-AD59-3B71059D2692}.Debug|Win32.Build.0 = Debug|Win32
		{DA231B57-6F9D-431D-AD59-3B71059D2692}.Release|Win32.ActiveCfg = Release|Win32
		{DA231B57-6F9D-431D-AD59-3B71059D2692}.Release|Win32.Build.0 = Release|Win32
		{6742E1B0-FAEF-419D-B141-9C8DA6044893}.Debug|Win32.ActiveCfg = Debug|Win32
		{6742E1B0-FAEF-419D-B141-9C8DA6044893}.Debug|Win32.Build.0 = Debug|Win32
		{6742E1B0-FAEF-419D-B141-9C8DA6044893}.Release|Win32.ActiveCfg = Release|Win32
		{6742E1B0-FAEF-419D-B141-9C8DA6044893}.Release|Win32.Build.0 = Release|Win32
		{C7BFE9F1-052C-4381-BDF3-F3FE598924FE}.Debug|Win32.ActiveCfg = Debug|Win32
		{C7BFE9F1-052C-4381-BDF3-F3FE598924FE}.Debug|Win32.Build.0 = Debug|Win32
		{C7BFE9F1-052C-4381-BDF3-F3FE598924FE}.Release|Win32.ActiveCfg = Release|Win32
		{C7BFE9F1-052C-4381-BDF3-F3FE598924FE}.Release|Win32.Build.0 = Release|Win32
	EndGlobalSection
	GlobalSection(SolutionProperties) = preSolution
		HideSolutionNode = FALSE
	EndGlobalSection
EndGlobal
