
Microsoft Visual Studio Solution File, Format Version 12.00
# Visual Studio 2013
VisualStudioVersion = 12.0.40629.0
MinimumVisualStudioVersion = 10.0.40219.1
Project("{8BC9CEB8-8B4A-11D0-8D11-00A0C91BC942}") = "Dynamic array sample", "Dynamic array sample\Dynamic array sample.vcxproj", "{3F26D048-E57B-44DB-8B9E-B7B830AC10B2}"
EndProject
Project("{8BC9CEB8-8B4A-11D0-8D11-00A0C91BC942}") = "Get line", "Get line\Get line.vcxproj", "{6D5B6DDB-4E23-4C04-A028-F2C0C501A990}"
EndProject
Project("{8BC9CEB8-8B4A-11D0-8D11-00A0C91BC942}") = "BSTree_Lib", "BSTree_Lib\BSTree_Lib.vcxproj", "{D2DE7BB2-CEC8-4D7B-9D8B-5AFD84D67B9C}"
EndProject
Project("{8BC9CEB8-8B4A-11D0-8D11-00A0C91BC942}") = "Sort_Lines", "Sort_Lines\Sort_Lines.vcxproj", "{A947A8CA-AA32-4634-AE48-5CC7CC7051DD}"
	ProjectSection(ProjectDependencies) = postProject
		{D2DE7BB2-CEC8-4D7B-9D8B-5AFD84D67B9C} = {D2DE7BB2-CEC8-4D7B-9D8B-5AFD84D67B9C}
	EndProjectSection
EndProject
Global
	GlobalSection(SolutionConfigurationPlatforms) = preSolution
		Debug|Win32 = Debug|Win32
		Release|Win32 = Release|Win32
	EndGlobalSection
	GlobalSection(ProjectConfigurationPlatforms) = postSolution
		{3F26D048-E57B-44DB-8B9E-B7B830AC10B2}.Debug|Win32.ActiveCfg = Debug|Win32
		{3F26D048-E57B-44DB-8B9E-B7B830AC10B2}.Debug|Win32.Build.0 = Debug|Win32
		{3F26D048-E57B-44DB-8B9E-B7B830AC10B2}.Release|Win32.ActiveCfg = Release|Win32
		{3F26D048-E57B-44DB-8B9E-B7B830AC10B2}.Release|Win32.Build.0 = Release|Win32
		{6D5B6DDB-4E23-4C04-A028-F2C0C501A990}.Debug|Win32.ActiveCfg = Debug|Win32
		{6D5B6DDB-4E23-4C04-A028-F2C0C501A990}.Debug|Win32.Build.0 = Debug|Win32
		{6D5B6DDB-4E23-4C04-A028-F2C0C501A990}.Release|Win32.ActiveCfg = Release|Win32
		{6D5B6DDB-4E23-4C04-A028-F2C0C501A990}.Release|Win32.Build.0 = Release|Win32
		{D2DE7BB2-CEC8-4D7B-9D8B-5AFD84D67B9C}.Debug|Win32.ActiveCfg = Debug|Win32
		{D2DE7BB2-CEC8-4D7B-9D8B-5AFD84D67B9C}.Debug|Win32.Build.0 = Debug|Win32
		{D2DE7BB2-CEC8-4D7B-9D8B-5AFD84D67B9C}.Release|Win32.ActiveCfg = Release|Win32
		{D2DE7BB2-CEC8-4D7B-9D8B-5AFD84D67B9C}.Release|Win32.Build.0 = Release|Win32
		{A947A8CA-AA32-4634-AE48-5CC7CC7051DD}.Debug|Win32.ActiveCfg = Debug|Win32
		{A947A8CA-AA32-4634-AE48-5CC7CC7051DD}.Debug|Win32.Build.0 = Debug|Win32
		{A947A8CA-AA32-4634-AE48-5CC7CC7051DD}.Release|Win32.ActiveCfg = Release|Win32
		{A947A8CA-AA32-4634-AE48-5CC7CC7051DD}.Release|Win32.Build.0 = Release|Win32
	EndGlobalSection
	GlobalSection(SolutionProperties) = preSolution
		HideSolutionNode = FALSE
	EndGlobalSection
EndGlobal
