
Microsoft Visual Studio Solution File, Format Version 12.00
# Visual Studio 2013
VisualStudioVersion = 12.0.40629.0
MinimumVisualStudioVersion = 10.0.40219.1
Project("{8BC9CEB8-8B4A-11D0-8D11-00A0C91BC942}") = "Fibonacci.Threads", "Parallel Fibonacci\Fibonacci.Threads.vcxproj", "{3B7812A0-6E3E-448D-BF87-75AC1CCF18A3}"
EndProject
Project("{8BC9CEB8-8B4A-11D0-8D11-00A0C91BC942}") = "Parallel_Sum", "Parallel_Sum\Parallel_Sum.vcxproj", "{8E29C50F-9943-4324-8E2E-103F19904BA2}"
EndProject
Project("{8BC9CEB8-8B4A-11D0-8D11-00A0C91BC942}") = "Race_Condition", "Race_Condition\Race_Condition.vcxproj", "{E4B37FBA-2D6F-42A7-9579-FCE6A469D6B5}"
EndProject
Project("{8BC9CEB8-8B4A-11D0-8D11-00A0C91BC942}") = "Race_Condition_Fixed_By_Mutex", "Race_Condition_Fixed_By_Mutex\Race_Condition_Fixed_By_Mutex.vcxproj", "{6295A4DC-4634-4B50-B2FE-37FE51425A58}"
EndProject
Project("{8BC9CEB8-8B4A-11D0-8D11-00A0C91BC942}") = "Producer_Consumer_Ex", "Producer_Consumer_Ex\Producer_Consumer_Ex.vcxproj", "{F889BBB6-6B16-4A7A-A159-2E434F5A4EF9}"
EndProject
Project("{8BC9CEB8-8B4A-11D0-8D11-00A0C91BC942}") = "thread-local_ex", "thread-local_ex\thread-local_ex.vcxproj", "{9DD7D6AE-C91A-48FA-A70A-08B242E9F88E}"
EndProject
Project("{8BC9CEB8-8B4A-11D0-8D11-00A0C91BC942}") = "TSS_Sample", "TSS_Sample\TSS_Sample.vcxproj", "{4705126F-5DD4-4CF6-B08C-674C7CF4DE1A}"
EndProject
Global
	GlobalSection(SolutionConfigurationPlatforms) = preSolution
		Debug|Win32 = Debug|Win32
		Release|Win32 = Release|Win32
	EndGlobalSection
	GlobalSection(ProjectConfigurationPlatforms) = postSolution
		{3B7812A0-6E3E-448D-BF87-75AC1CCF18A3}.Debug|Win32.ActiveCfg = Debug|Win32
		{3B7812A0-6E3E-448D-BF87-75AC1CCF18A3}.Debug|Win32.Build.0 = Debug|Win32
		{3B7812A0-6E3E-448D-BF87-75AC1CCF18A3}.Release|Win32.ActiveCfg = Release|Win32
		{3B7812A0-6E3E-448D-BF87-75AC1CCF18A3}.Release|Win32.Build.0 = Release|Win32
		{8E29C50F-9943-4324-8E2E-103F19904BA2}.Debug|Win32.ActiveCfg = Debug|Win32
		{8E29C50F-9943-4324-8E2E-103F19904BA2}.Debug|Win32.Build.0 = Debug|Win32
		{8E29C50F-9943-4324-8E2E-103F19904BA2}.Release|Win32.ActiveCfg = Release|Win32
		{8E29C50F-9943-4324-8E2E-103F19904BA2}.Release|Win32.Build.0 = Release|Win32
		{E4B37FBA-2D6F-42A7-9579-FCE6A469D6B5}.Debug|Win32.ActiveCfg = Debug|Win32
		{E4B37FBA-2D6F-42A7-9579-FCE6A469D6B5}.Debug|Win32.Build.0 = Debug|Win32
		{E4B37FBA-2D6F-42A7-9579-FCE6A469D6B5}.Release|Win32.ActiveCfg = Release|Win32
		{E4B37FBA-2D6F-42A7-9579-FCE6A469D6B5}.Release|Win32.Build.0 = Release|Win32
		{6295A4DC-4634-4B50-B2FE-37FE51425A58}.Debug|Win32.ActiveCfg = Debug|Win32
		{6295A4DC-4634-4B50-B2FE-37FE51425A58}.Debug|Win32.Build.0 = Debug|Win32
		{6295A4DC-4634-4B50-B2FE-37FE51425A58}.Release|Win32.ActiveCfg = Release|Win32
		{6295A4DC-4634-4B50-B2FE-37FE51425A58}.Release|Win32.Build.0 = Release|Win32
		{F889BBB6-6B16-4A7A-A159-2E434F5A4EF9}.Debug|Win32.ActiveCfg = Debug|Win32
		{F889BBB6-6B16-4A7A-A159-2E434F5A4EF9}.Debug|Win32.Build.0 = Debug|Win32
		{F889BBB6-6B16-4A7A-A159-2E434F5A4EF9}.Release|Win32.ActiveCfg = Release|Win32
		{F889BBB6-6B16-4A7A-A159-2E434F5A4EF9}.Release|Win32.Build.0 = Release|Win32
		{9DD7D6AE-C91A-48FA-A70A-08B242E9F88E}.Debug|Win32.ActiveCfg = Debug|Win32
		{9DD7D6AE-C91A-48FA-A70A-08B242E9F88E}.Debug|Win32.Build.0 = Debug|Win32
		{9DD7D6AE-C91A-48FA-A70A-08B242E9F88E}.Release|Win32.ActiveCfg = Release|Win32
		{9DD7D6AE-C91A-48FA-A70A-08B242E9F88E}.Release|Win32.Build.0 = Release|Win32
		{4705126F-5DD4-4CF6-B08C-674C7CF4DE1A}.Debug|Win32.ActiveCfg = Debug|Win32
		{4705126F-5DD4-4CF6-B08C-674C7CF4DE1A}.Debug|Win32.Build.0 = Debug|Win32
		{4705126F-5DD4-4CF6-B08C-674C7CF4DE1A}.Release|Win32.ActiveCfg = Release|Win32
		{4705126F-5DD4-4CF6-B08C-674C7CF4DE1A}.Release|Win32.Build.0 = Release|Win32
	EndGlobalSection
	GlobalSection(SolutionProperties) = preSolution
		HideSolutionNode = FALSE
	EndGlobalSection
EndGlobal
