
Microsoft Visual Studio Solution File, Format Version 12.00
# Visual Studio 2013
VisualStudioVersion = 12.0.40629.0
MinimumVisualStudioVersion = 10.0.40219.1
Project("{2150E333-8FDC-42A3-9474-1A3956D46DE8}") = "Char Handling", "Char Handling", "{C591E630-5103-4A10-BE6C-3B02CF62322A}"
EndProject
Project("{2150E333-8FDC-42A3-9474-1A3956D46DE8}") = "String Conversion", "String Conversion", "{E273C396-DFF3-4B7D-AAFD-CE8AD891C211}"
EndProject
Project("{2150E333-8FDC-42A3-9474-1A3956D46DE8}") = "String IO", "String IO", "{030C6FC7-6D82-4A91-932E-0D1EB87B461D}"
	ProjectSection(SolutionItems) = preProject
		String IO\fgets_entry.c = String IO\fgets_entry.c
		String IO\format_entry.c = String IO\format_entry.c
		String IO\getchar_entry.c = String IO\getchar_entry.c
		String IO\hello_entry.c = String IO\hello_entry.c
		String IO\name3.c = String IO\name3.c
		String IO\p_and_s.c = String IO\p_and_s.c
		String IO\put1.c = String IO\put1.c
		String IO\put2.c = String IO\put2.c
		String IO\put_out.c = String IO\put_out.c
		String IO\put_put_entry.c = String IO\put_put_entry.c
		String IO\quotes.c = String IO\quotes.c
		String IO\scan_str.c = String IO\scan_str.c
		String IO\sprintf_entry.c = String IO\sprintf_entry.c
		String IO\sscanf_entry.c = String IO\sscanf_entry.c
	EndProjectSection
EndProject
Project("{2150E333-8FDC-42A3-9474-1A3956D46DE8}") = "String Manipulation", "String Manipulation", "{08C7A334-2459-45FF-B7B8-BBFA0D446E93}"
	ProjectSection(SolutionItems) = preProject
		String Manipulation\join_chk.c = String Manipulation\join_chk.c
		String Manipulation\str_cat.c = String Manipulation\str_cat.c
		String Manipulation\strcat_entry.c = String Manipulation\strcat_entry.c
		String Manipulation\strcpy_entry.c = String Manipulation\strcpy_entry.c
		String Manipulation\strcpy_entry2.c = String Manipulation\strcpy_entry2.c
	EndProjectSection
EndProject
Project("{2150E333-8FDC-42A3-9474-1A3956D46DE8}") = "String Comparison", "String Comparison", "{E50C215D-D2EA-4ACE-B6CD-C9F829C69925}"
	ProjectSection(SolutionItems) = preProject
		String Comparison\compare_entry.c = String Comparison\compare_entry.c
		String Comparison\compback_entry.c = String Comparison\compback_entry.c
		String Comparison\quit_chk.c = String Comparison\quit_chk.c
		String Comparison\sort_str_entry.c = String Comparison\sort_str_entry.c
		String Comparison\starsrch.c = String Comparison\starsrch.c
		String Comparison\strchr_entry.c = String Comparison\strchr_entry.c
		String Comparison\strcmp_entry.c = String Comparison\strcmp_entry.c
		String Comparison\strcspn_entry.c = String Comparison\strcspn_entry.c
		String Comparison\strpbrk_entry.c = String Comparison\strpbrk_entry.c
	EndProjectSection
EndProject
Project("{2150E333-8FDC-42A3-9474-1A3956D46DE8}") = "String Search", "String Search", "{D0E2231A-1125-4196-99D1-C8ED857ECEB2}"
	ProjectSection(SolutionItems) = preProject
		String Search\strrchr_entry.c = String Search\strrchr_entry.c
		String Search\strspn_entry.c = String Search\strspn_entry.c
		String Search\strstr_entry.c = String Search\strstr_entry.c
		String Search\strtok_entry.c = String Search\strtok_entry.c
	EndProjectSection
EndProject
Project("{2150E333-8FDC-42A3-9474-1A3956D46DE8}") = "Memory", "Memory", "{35D14879-BD51-4822-B521-4664BE24F642}"
EndProject
Project("{2150E333-8FDC-42A3-9474-1A3956D46DE8}") = "Misc", "Misc", "{534F6CE4-1284-4AD2-BC36-64A31A24DE3A}"
EndProject
Project("{8BC9CEB8-8B4A-11D0-8D11-00A0C91BC942}") = "FuncPtrs", "Misc\FuncPtrs\FuncPtrs.vcxproj", "{1EF5E12D-E88A-449A-A49B-16214B52255D}"
EndProject
Project("{8BC9CEB8-8B4A-11D0-8D11-00A0C91BC942}") = "Repeat", "Misc\Repeat\Repeat.vcxproj", "{E401D336-71E2-495C-86AA-6F6D8A90F09D}"
EndProject
Project("{8BC9CEB8-8B4A-11D0-8D11-00A0C91BC942}") = "StringFit", "Misc\StringFit\StringFit.vcxproj", "{DE43D3CD-5354-4BD1-BDD1-2EFF6A40E12B}"
EndProject
Project("{8BC9CEB8-8B4A-11D0-8D11-00A0C91BC942}") = "Stringing", "Misc\Stringing\Stringing.vcxproj", "{0E8FB517-321D-4F68-8477-CD20B12B07EB}"
EndProject
Project("{8BC9CEB8-8B4A-11D0-8D11-00A0C91BC942}") = "StrError", "Misc\StrError\StrError.vcxproj", "{49A89A42-C048-440F-90C9-D51D9E136B1F}"
EndProject
Project("{8BC9CEB8-8B4A-11D0-8D11-00A0C91BC942}") = "StrLen", "Misc\StrLen\StrLen.vcxproj", "{4D306F61-6D65-4B5B-AF27-09D0FDFBE5E2}"
EndProject
Project("{8BC9CEB8-8B4A-11D0-8D11-00A0C91BC942}") = "MemchrSample", "Memory\MemchrSample\MemchrSample.vcxproj", "{61B862E4-1E44-459B-A835-23E1738E9B8A}"
EndProject
Project("{8BC9CEB8-8B4A-11D0-8D11-00A0C91BC942}") = "MemcmpSample", "Memory\MemcmpSample\MemcmpSample.vcxproj", "{10FFA24A-F4FE-46FC-A1DF-E81A77B43502}"
EndProject
Project("{8BC9CEB8-8B4A-11D0-8D11-00A0C91BC942}") = "MemcpySample", "Memory\MemcpySample\MemcpySample.vcxproj", "{D64C4F02-225E-42A2-8428-F55D0D88119A}"
EndProject
Project("{8BC9CEB8-8B4A-11D0-8D11-00A0C91BC942}") = "MemmoveSample", "Memory\MemmoveSample\MemmoveSample.vcxproj", "{3A0FF59B-B261-4A5F-9890-DCBB5C9682E0}"
EndProject
Project("{8BC9CEB8-8B4A-11D0-8D11-00A0C91BC942}") = "MemsetSample", "Memory\MemsetSample\MemsetSample.vcxproj", "{9B8F1BF1-50A7-484A-A6EA-36C1251741C6}"
EndProject
Project("{8BC9CEB8-8B4A-11D0-8D11-00A0C91BC942}") = "AlphaNumeric", "Char Handling\AlphaNumeric\AlphaNumeric.vcxproj", "{22097074-EED3-4FA6-8475-43AE37EA9C74}"
EndProject
Project("{8BC9CEB8-8B4A-11D0-8D11-00A0C91BC942}") = "CheckMiscSymbols", "Char Handling\CheckMiscSymbols\CheckMiscSymbols.vcxproj", "{44FBEF47-8B1C-4FF9-9650-656DB2C30517}"
EndProject
Project("{8BC9CEB8-8B4A-11D0-8D11-00A0C91BC942}") = "LetterRegister", "Char Handling\LetterRegister\LetterRegister.vcxproj", "{17DC6C20-1AFD-4597-9B74-C3C772F948EB}"
EndProject
Project("{8BC9CEB8-8B4A-11D0-8D11-00A0C91BC942}") = "ModStr", "Char Handling\ModStr\ModStr.vcxproj", "{AD8A17FB-E5B0-4D09-B768-7F229FEBF7CC}"
EndProject
Project("{8BC9CEB8-8B4A-11D0-8D11-00A0C91BC942}") = "StrCnvt", "String Conversion\StrCnvt\StrCnvt.vcxproj", "{65A669AD-FDEB-467A-86F2-74130B2417A7}"
EndProject
Project("{8BC9CEB8-8B4A-11D0-8D11-00A0C91BC942}") = "StrTod", "String Conversion\StrTod\StrTod.vcxproj", "{9DB627E0-FB6F-4F55-ACD9-D39B4A042F9D}"
EndProject
Project("{8BC9CEB8-8B4A-11D0-8D11-00A0C91BC942}") = "StrTol", "String Conversion\StrTol\StrTol.vcxproj", "{365D2F58-3DF5-4A46-85C7-AD156A56E648}"
EndProject
Project("{8BC9CEB8-8B4A-11D0-8D11-00A0C91BC942}") = "StrToul", "String Conversion\StrToul\StrToul.vcxproj", "{617B4A88-3C17-40CA-91A2-8076BDD69D54}"
EndProject
Global
	GlobalSection(SolutionConfigurationPlatforms) = preSolution
		Debug|Win32 = Debug|Win32
		Release|Win32 = Release|Win32
	EndGlobalSection
	GlobalSection(ProjectConfigurationPlatforms) = postSolution
		{1EF5E12D-E88A-449A-A49B-16214B52255D}.Debug|Win32.ActiveCfg = Debug|Win32
		{1EF5E12D-E88A-449A-A49B-16214B52255D}.Debug|Win32.Build.0 = Debug|Win32
		{1EF5E12D-E88A-449A-A49B-16214B52255D}.Release|Win32.ActiveCfg = Release|Win32
		{1EF5E12D-E88A-449A-A49B-16214B52255D}.Release|Win32.Build.0 = Release|Win32
		{E401D336-71E2-495C-86AA-6F6D8A90F09D}.Debug|Win32.ActiveCfg = Debug|Win32
		{E401D336-71E2-495C-86AA-6F6D8A90F09D}.Debug|Win32.Build.0 = Debug|Win32
		{E401D336-71E2-495C-86AA-6F6D8A90F09D}.Release|Win32.ActiveCfg = Release|Win32
		{E401D336-71E2-495C-86AA-6F6D8A90F09D}.Release|Win32.Build.0 = Release|Win32
		{DE43D3CD-5354-4BD1-BDD1-2EFF6A40E12B}.Debug|Win32.ActiveCfg = Debug|Win32
		{DE43D3CD-5354-4BD1-BDD1-2EFF6A40E12B}.Debug|Win32.Build.0 = Debug|Win32
		{DE43D3CD-5354-4BD1-BDD1-2EFF6A40E12B}.Release|Win32.ActiveCfg = Release|Win32
		{DE43D3CD-5354-4BD1-BDD1-2EFF6A40E12B}.Release|Win32.Build.0 = Release|Win32
		{0E8FB517-321D-4F68-8477-CD20B12B07EB}.Debug|Win32.ActiveCfg = Debug|Win32
		{0E8FB517-321D-4F68-8477-CD20B12B07EB}.Debug|Win32.Build.0 = Debug|Win32
		{0E8FB517-321D-4F68-8477-CD20B12B07EB}.Release|Win32.ActiveCfg = Release|Win32
		{0E8FB517-321D-4F68-8477-CD20B12B07EB}.Release|Win32.Build.0 = Release|Win32
		{49A89A42-C048-440F-90C9-D51D9E136B1F}.Debug|Win32.ActiveCfg = Debug|Win32
		{49A89A42-C048-440F-90C9-D51D9E136B1F}.Debug|Win32.Build.0 = Debug|Win32
		{49A89A42-C048-440F-90C9-D51D9E136B1F}.Release|Win32.ActiveCfg = Release|Win32
		{49A89A42-C048-440F-90C9-D51D9E136B1F}.Release|Win32.Build.0 = Release|Win32
		{4D306F61-6D65-4B5B-AF27-09D0FDFBE5E2}.Debug|Win32.ActiveCfg = Debug|Win32
		{4D306F61-6D65-4B5B-AF27-09D0FDFBE5E2}.Debug|Win32.Build.0 = Debug|Win32
		{4D306F61-6D65-4B5B-AF27-09D0FDFBE5E2}.Release|Win32.ActiveCfg = Release|Win32
		{4D306F61-6D65-4B5B-AF27-09D0FDFBE5E2}.Release|Win32.Build.0 = Release|Win32
		{61B862E4-1E44-459B-A835-23E1738E9B8A}.Debug|Win32.ActiveCfg = Debug|Win32
		{61B862E4-1E44-459B-A835-23E1738E9B8A}.Debug|Win32.Build.0 = Debug|Win32
		{61B862E4-1E44-459B-A835-23E1738E9B8A}.Release|Win32.ActiveCfg = Release|Win32
		{61B862E4-1E44-459B-A835-23E1738E9B8A}.Release|Win32.Build.0 = Release|Win32
		{10FFA24A-F4FE-46FC-A1DF-E81A77B43502}.Debug|Win32.ActiveCfg = Debug|Win32
		{10FFA24A-F4FE-46FC-A1DF-E81A77B43502}.Debug|Win32.Build.0 = Debug|Win32
		{10FFA24A-F4FE-46FC-A1DF-E81A77B43502}.Release|Win32.ActiveCfg = Release|Win32
		{10FFA24A-F4FE-46FC-A1DF-E81A77B43502}.Release|Win32.Build.0 = Release|Win32
		{D64C4F02-225E-42A2-8428-F55D0D88119A}.Debug|Win32.ActiveCfg = Debug|Win32
		{D64C4F02-225E-42A2-8428-F55D0D88119A}.Debug|Win32.Build.0 = Debug|Win32
		{D64C4F02-225E-42A2-8428-F55D0D88119A}.Release|Win32.ActiveCfg = Release|Win32
		{D64C4F02-225E-42A2-8428-F55D0D88119A}.Release|Win32.Build.0 = Release|Win32
		{3A0FF59B-B261-4A5F-9890-DCBB5C9682E0}.Debug|Win32.ActiveCfg = Debug|Win32
		{3A0FF59B-B261-4A5F-9890-DCBB5C9682E0}.Debug|Win32.Build.0 = Debug|Win32
		{3A0FF59B-B261-4A5F-9890-DCBB5C9682E0}.Release|Win32.ActiveCfg = Release|Win32
		{3A0FF59B-B261-4A5F-9890-DCBB5C9682E0}.Release|Win32.Build.0 = Release|Win32
		{9B8F1BF1-50A7-484A-A6EA-36C1251741C6}.Debug|Win32.ActiveCfg = Debug|Win32
		{9B8F1BF1-50A7-484A-A6EA-36C1251741C6}.Debug|Win32.Build.0 = Debug|Win32
		{9B8F1BF1-50A7-484A-A6EA-36C1251741C6}.Release|Win32.ActiveCfg = Release|Win32
		{9B8F1BF1-50A7-484A-A6EA-36C1251741C6}.Release|Win32.Build.0 = Release|Win32
		{22097074-EED3-4FA6-8475-43AE37EA9C74}.Debug|Win32.ActiveCfg = Debug|Win32
		{22097074-EED3-4FA6-8475-43AE37EA9C74}.Debug|Win32.Build.0 = Debug|Win32
		{22097074-EED3-4FA6-8475-43AE37EA9C74}.Release|Win32.ActiveCfg = Release|Win32
		{22097074-EED3-4FA6-8475-43AE37EA9C74}.Release|Win32.Build.0 = Release|Win32
		{44FBEF47-8B1C-4FF9-9650-656DB2C30517}.Debug|Win32.ActiveCfg = Debug|Win32
		{44FBEF47-8B1C-4FF9-9650-656DB2C30517}.Debug|Win32.Build.0 = Debug|Win32
		{44FBEF47-8B1C-4FF9-9650-656DB2C30517}.Release|Win32.ActiveCfg = Release|Win32
		{44FBEF47-8B1C-4FF9-9650-656DB2C30517}.Release|Win32.Build.0 = Release|Win32
		{17DC6C20-1AFD-4597-9B74-C3C772F948EB}.Debug|Win32.ActiveCfg = Debug|Win32
		{17DC6C20-1AFD-4597-9B74-C3C772F948EB}.Debug|Win32.Build.0 = Debug|Win32
		{17DC6C20-1AFD-4597-9B74-C3C772F948EB}.Release|Win32.ActiveCfg = Release|Win32
		{17DC6C20-1AFD-4597-9B74-C3C772F948EB}.Release|Win32.Build.0 = Release|Win32
		{AD8A17FB-E5B0-4D09-B768-7F229FEBF7CC}.Debug|Win32.ActiveCfg = Debug|Win32
		{AD8A17FB-E5B0-4D09-B768-7F229FEBF7CC}.Debug|Win32.Build.0 = Debug|Win32
		{AD8A17FB-E5B0-4D09-B768-7F229FEBF7CC}.Release|Win32.ActiveCfg = Release|Win32
		{AD8A17FB-E5B0-4D09-B768-7F229FEBF7CC}.Release|Win32.Build.0 = Release|Win32
		{65A669AD-FDEB-467A-86F2-74130B2417A7}.Debug|Win32.ActiveCfg = Debug|Win32
		{65A669AD-FDEB-467A-86F2-74130B2417A7}.Debug|Win32.Build.0 = Debug|Win32
		{65A669AD-FDEB-467A-86F2-74130B2417A7}.Release|Win32.ActiveCfg = Release|Win32
		{65A669AD-FDEB-467A-86F2-74130B2417A7}.Release|Win32.Build.0 = Release|Win32
		{9DB627E0-FB6F-4F55-ACD9-D39B4A042F9D}.Debug|Win32.ActiveCfg = Debug|Win32
		{9DB627E0-FB6F-4F55-ACD9-D39B4A042F9D}.Debug|Win32.Build.0 = Debug|Win32
		{9DB627E0-FB6F-4F55-ACD9-D39B4A042F9D}.Release|Win32.ActiveCfg = Release|Win32
		{9DB627E0-FB6F-4F55-ACD9-D39B4A042F9D}.Release|Win32.Build.0 = Release|Win32
		{365D2F58-3DF5-4A46-85C7-AD156A56E648}.Debug|Win32.ActiveCfg = Debug|Win32
		{365D2F58-3DF5-4A46-85C7-AD156A56E648}.Debug|Win32.Build.0 = Debug|Win32
		{365D2F58-3DF5-4A46-85C7-AD156A56E648}.Release|Win32.ActiveCfg = Release|Win32
		{365D2F58-3DF5-4A46-85C7-AD156A56E648}.Release|Win32.Build.0 = Release|Win32
		{617B4A88-3C17-40CA-91A2-8076BDD69D54}.Debug|Win32.ActiveCfg = Debug|Win32
		{617B4A88-3C17-40CA-91A2-8076BDD69D54}.Debug|Win32.Build.0 = Debug|Win32
		{617B4A88-3C17-40CA-91A2-8076BDD69D54}.Release|Win32.ActiveCfg = Release|Win32
		{617B4A88-3C17-40CA-91A2-8076BDD69D54}.Release|Win32.Build.0 = Release|Win32
	EndGlobalSection
	GlobalSection(SolutionProperties) = preSolution
		HideSolutionNode = FALSE
	EndGlobalSection
	GlobalSection(NestedProjects) = preSolution
		{1EF5E12D-E88A-449A-A49B-16214B52255D} = {534F6CE4-1284-4AD2-BC36-64A31A24DE3A}
		{E401D336-71E2-495C-86AA-6F6D8A90F09D} = {534F6CE4-1284-4AD2-BC36-64A31A24DE3A}
		{DE43D3CD-5354-4BD1-BDD1-2EFF6A40E12B} = {534F6CE4-1284-4AD2-BC36-64A31A24DE3A}
		{0E8FB517-321D-4F68-8477-CD20B12B07EB} = {534F6CE4-1284-4AD2-BC36-64A31A24DE3A}
		{49A89A42-C048-440F-90C9-D51D9E136B1F} = {534F6CE4-1284-4AD2-BC36-64A31A24DE3A}
		{4D306F61-6D65-4B5B-AF27-09D0FDFBE5E2} = {534F6CE4-1284-4AD2-BC36-64A31A24DE3A}
		{61B862E4-1E44-459B-A835-23E1738E9B8A} = {35D14879-BD51-4822-B521-4664BE24F642}
		{10FFA24A-F4FE-46FC-A1DF-E81A77B43502} = {35D14879-BD51-4822-B521-4664BE24F642}
		{D64C4F02-225E-42A2-8428-F55D0D88119A} = {35D14879-BD51-4822-B521-4664BE24F642}
		{3A0FF59B-B261-4A5F-9890-DCBB5C9682E0} = {35D14879-BD51-4822-B521-4664BE24F642}
		{9B8F1BF1-50A7-484A-A6EA-36C1251741C6} = {35D14879-BD51-4822-B521-4664BE24F642}
		{22097074-EED3-4FA6-8475-43AE37EA9C74} = {C591E630-5103-4A10-BE6C-3B02CF62322A}
		{44FBEF47-8B1C-4FF9-9650-656DB2C30517} = {C591E630-5103-4A10-BE6C-3B02CF62322A}
		{17DC6C20-1AFD-4597-9B74-C3C772F948EB} = {C591E630-5103-4A10-BE6C-3B02CF62322A}
		{AD8A17FB-E5B0-4D09-B768-7F229FEBF7CC} = {C591E630-5103-4A10-BE6C-3B02CF62322A}
		{65A669AD-FDEB-467A-86F2-74130B2417A7} = {E273C396-DFF3-4B7D-AAFD-CE8AD891C211}
		{9DB627E0-FB6F-4F55-ACD9-D39B4A042F9D} = {E273C396-DFF3-4B7D-AAFD-CE8AD891C211}
		{365D2F58-3DF5-4A46-85C7-AD156A56E648} = {E273C396-DFF3-4B7D-AAFD-CE8AD891C211}
		{617B4A88-3C17-40CA-91A2-8076BDD69D54} = {E273C396-DFF3-4B7D-AAFD-CE8AD891C211}
	EndGlobalSection
EndGlobal
