
Microsoft Visual Studio Solution File, Format Version 12.00
# Visual Studio 14
VisualStudioVersion = 14.0.24720.0
MinimumVisualStudioVersion = 10.0.40219.1
Project("{8BC9CEB8-8B4A-11D0-8D11-00A0C91BC942}") = "FirstPr", "FirstPr\FirstPr.vcxproj", "{1BC10BD3-7ECE-4750-82CF-07F5FE2C52EC}"
EndProject
Project("{8BC9CEB8-8B4A-11D0-8D11-00A0C91BC942}") = "VectorSample", "VectorSample\VectorSample.vcxproj", "{414EFF9A-9C47-4011-A3FB-F0EBB7E95B68}"
EndProject
Project("{8BC9CEB8-8B4A-11D0-8D11-00A0C91BC942}") = "TypeSample", "TypeSample\TypeSample.vcxproj", "{C137EEF9-9944-4F12-94C5-6A4561BCCFEA}"
EndProject
Project("{8BC9CEB8-8B4A-11D0-8D11-00A0C91BC942}") = "StronglyTypedEnums", "StronglyTypedEnums\StronglyTypedEnums.vcxproj", "{7D84FBEB-CB15-40D3-B2B2-BD93F9463642}"
EndProject
Project("{8BC9CEB8-8B4A-11D0-8D11-00A0C91BC942}") = "StringSample", "StringSample\StringSample.vcxproj", "{614A0A4F-0831-4BBC-926D-F07DCDBEB545}"
EndProject
Project("{8BC9CEB8-8B4A-11D0-8D11-00A0C91BC942}") = "StdArraySample", "StdArraySample\StdArraySample.vcxproj", "{0D0C87A0-16DA-4A0F-83EA-4FF36D4F9918}"
EndProject
Project("{8BC9CEB8-8B4A-11D0-8D11-00A0C91BC942}") = "ConstArgSample", "ConstArgSample\ConstArgSample.vcxproj", "{4617CDD4-D442-4FC5-B223-147EB0461FA5}"
EndProject
Project("{8BC9CEB8-8B4A-11D0-8D11-00A0C91BC942}") = "StructSample", "StructSample\StructSample.vcxproj", "{0F5AEF0A-9F67-4ED5-9936-5B5EBBFBC277}"
EndProject
Project("{8BC9CEB8-8B4A-11D0-8D11-00A0C91BC942}") = "NamespaceSample", "NamespaceSample\NamespaceSample.vcxproj", "{DC10E614-1150-49D8-823D-CBFEBE63710E}"
EndProject
Project("{8BC9CEB8-8B4A-11D0-8D11-00A0C91BC942}") = "DevelopingClassesSample", "DevelopingClassesSample\DevelopingClassesSample.vcxproj", "{9B540536-2D35-414E-9C56-02DC2E62B1D7}"
EndProject
Global
	GlobalSection(SolutionConfigurationPlatforms) = preSolution
		Debug|x64 = Debug|x64
		Debug|x86 = Debug|x86
		Release|x64 = Release|x64
		Release|x86 = Release|x86
	EndGlobalSection
	GlobalSection(ProjectConfigurationPlatforms) = postSolution
		{1BC10BD3-7ECE-4750-82CF-07F5FE2C52EC}.Debug|x64.ActiveCfg = Debug|x64
		{1BC10BD3-7ECE-4750-82CF-07F5FE2C52EC}.Debug|x64.Build.0 = Debug|x64
		{1BC10BD3-7ECE-4750-82CF-07F5FE2C52EC}.Debug|x86.ActiveCfg = Debug|Win32
		{1BC10BD3-7ECE-4750-82CF-07F5FE2C52EC}.Debug|x86.Build.0 = Debug|Win32
		{1BC10BD3-7ECE-4750-82CF-07F5FE2C52EC}.Release|x64.ActiveCfg = Release|x64
		{1BC10BD3-7ECE-4750-82CF-07F5FE2C52EC}.Release|x64.Build.0 = Release|x64
		{1BC10BD3-7ECE-4750-82CF-07F5FE2C52EC}.Release|x86.ActiveCfg = Release|Win32
		{1BC10BD3-7ECE-4750-82CF-07F5FE2C52EC}.Release|x86.Build.0 = Release|Win32
		{414EFF9A-9C47-4011-A3FB-F0EBB7E95B68}.Debug|x64.ActiveCfg = Debug|x64
		{414EFF9A-9C47-4011-A3FB-F0EBB7E95B68}.Debug|x64.Build.0 = Debug|x64
		{414EFF9A-9C47-4011-A3FB-F0EBB7E95B68}.Debug|x86.ActiveCfg = Debug|Win32
		{414EFF9A-9C47-4011-A3FB-F0EBB7E95B68}.Debug|x86.Build.0 = Debug|Win32
		{414EFF9A-9C47-4011-A3FB-F0EBB7E95B68}.Release|x64.ActiveCfg = Release|x64
		{414EFF9A-9C47-4011-A3FB-F0EBB7E95B68}.Release|x64.Build.0 = Release|x64
		{414EFF9A-9C47-4011-A3FB-F0EBB7E95B68}.Release|x86.ActiveCfg = Release|Win32
		{414EFF9A-9C47-4011-A3FB-F0EBB7E95B68}.Release|x86.Build.0 = Release|Win32
		{C137EEF9-9944-4F12-94C5-6A4561BCCFEA}.Debug|x64.ActiveCfg = Debug|x64
		{C137EEF9-9944-4F12-94C5-6A4561BCCFEA}.Debug|x64.Build.0 = Debug|x64
		{C137EEF9-9944-4F12-94C5-6A4561BCCFEA}.Debug|x86.ActiveCfg = Debug|Win32
		{C137EEF9-9944-4F12-94C5-6A4561BCCFEA}.Debug|x86.Build.0 = Debug|Win32
		{C137EEF9-9944-4F12-94C5-6A4561BCCFEA}.Release|x64.ActiveCfg = Release|x64
		{C137EEF9-9944-4F12-94C5-6A4561BCCFEA}.Release|x64.Build.0 = Release|x64
		{C137EEF9-9944-4F12-94C5-6A4561BCCFEA}.Release|x86.ActiveCfg = Release|Win32
		{C137EEF9-9944-4F12-94C5-6A4561BCCFEA}.Release|x86.Build.0 = Release|Win32
		{7D84FBEB-CB15-40D3-B2B2-BD93F9463642}.Debug|x64.ActiveCfg = Debug|x64
		{7D84FBEB-CB15-40D3-B2B2-BD93F9463642}.Debug|x64.Build.0 = Debug|x64
		{7D84FBEB-CB15-40D3-B2B2-BD93F9463642}.Debug|x86.ActiveCfg = Debug|Win32
		{7D84FBEB-CB15-40D3-B2B2-BD93F9463642}.Debug|x86.Build.0 = Debug|Win32
		{7D84FBEB-CB15-40D3-B2B2-BD93F9463642}.Release|x64.ActiveCfg = Release|x64
		{7D84FBEB-CB15-40D3-B2B2-BD93F9463642}.Release|x64.Build.0 = Release|x64
		{7D84FBEB-CB15-40D3-B2B2-BD93F9463642}.Release|x86.ActiveCfg = Release|Win32
		{7D84FBEB-CB15-40D3-B2B2-BD93F9463642}.Release|x86.Build.0 = Release|Win32
		{614A0A4F-0831-4BBC-926D-F07DCDBEB545}.Debug|x64.ActiveCfg = Debug|x64
		{614A0A4F-0831-4BBC-926D-F07DCDBEB545}.Debug|x64.Build.0 = Debug|x64
		{614A0A4F-0831-4BBC-926D-F07DCDBEB545}.Debug|x86.ActiveCfg = Debug|Win32
		{614A0A4F-0831-4BBC-926D-F07DCDBEB545}.Debug|x86.Build.0 = Debug|Win32
		{614A0A4F-0831-4BBC-926D-F07DCDBEB545}.Release|x64.ActiveCfg = Release|x64
		{614A0A4F-0831-4BBC-926D-F07DCDBEB545}.Release|x64.Build.0 = Release|x64
		{614A0A4F-0831-4BBC-926D-F07DCDBEB545}.Release|x86.ActiveCfg = Release|Win32
		{614A0A4F-0831-4BBC-926D-F07DCDBEB545}.Release|x86.Build.0 = Release|Win32
		{0D0C87A0-16DA-4A0F-83EA-4FF36D4F9918}.Debug|x64.ActiveCfg = Debug|x64
		{0D0C87A0-16DA-4A0F-83EA-4FF36D4F9918}.Debug|x64.Build.0 = Debug|x64
		{0D0C87A0-16DA-4A0F-83EA-4FF36D4F9918}.Debug|x86.ActiveCfg = Debug|Win32
		{0D0C87A0-16DA-4A0F-83EA-4FF36D4F9918}.Debug|x86.Build.0 = Debug|Win32
		{0D0C87A0-16DA-4A0F-83EA-4FF36D4F9918}.Release|x64.ActiveCfg = Release|x64
		{0D0C87A0-16DA-4A0F-83EA-4FF36D4F9918}.Release|x64.Build.0 = Release|x64
		{0D0C87A0-16DA-4A0F-83EA-4FF36D4F9918}.Release|x86.ActiveCfg = Release|Win32
		{0D0C87A0-16DA-4A0F-83EA-4FF36D4F9918}.Release|x86.Build.0 = Release|Win32
		{4617CDD4-D442-4FC5-B223-147EB0461FA5}.Debug|x64.ActiveCfg = Debug|x64
		{4617CDD4-D442-4FC5-B223-147EB0461FA5}.Debug|x64.Build.0 = Debug|x64
		{4617CDD4-D442-4FC5-B223-147EB0461FA5}.Debug|x86.ActiveCfg = Debug|Win32
		{4617CDD4-D442-4FC5-B223-147EB0461FA5}.Debug|x86.Build.0 = Debug|Win32
		{4617CDD4-D442-4FC5-B223-147EB0461FA5}.Release|x64.ActiveCfg = Release|x64
		{4617CDD4-D442-4FC5-B223-147EB0461FA5}.Release|x64.Build.0 = Release|x64
		{4617CDD4-D442-4FC5-B223-147EB0461FA5}.Release|x86.ActiveCfg = Release|Win32
		{4617CDD4-D442-4FC5-B223-147EB0461FA5}.Release|x86.Build.0 = Release|Win32
		{0F5AEF0A-9F67-4ED5-9936-5B5EBBFBC277}.Debug|x64.ActiveCfg = Debug|x64
		{0F5AEF0A-9F67-4ED5-9936-5B5EBBFBC277}.Debug|x64.Build.0 = Debug|x64
		{0F5AEF0A-9F67-4ED5-9936-5B5EBBFBC277}.Debug|x86.ActiveCfg = Debug|Win32
		{0F5AEF0A-9F67-4ED5-9936-5B5EBBFBC277}.Debug|x86.Build.0 = Debug|Win32
		{0F5AEF0A-9F67-4ED5-9936-5B5EBBFBC277}.Release|x64.ActiveCfg = Release|x64
		{0F5AEF0A-9F67-4ED5-9936-5B5EBBFBC277}.Release|x64.Build.0 = Release|x64
		{0F5AEF0A-9F67-4ED5-9936-5B5EBBFBC277}.Release|x86.ActiveCfg = Release|Win32
		{0F5AEF0A-9F67-4ED5-9936-5B5EBBFBC277}.Release|x86.Build.0 = Release|Win32
		{DC10E614-1150-49D8-823D-CBFEBE63710E}.Debug|x64.ActiveCfg = Debug|x64
		{DC10E614-1150-49D8-823D-CBFEBE63710E}.Debug|x64.Build.0 = Debug|x64
		{DC10E614-1150-49D8-823D-CBFEBE63710E}.Debug|x86.ActiveCfg = Debug|Win32
		{DC10E614-1150-49D8-823D-CBFEBE63710E}.Debug|x86.Build.0 = Debug|Win32
		{DC10E614-1150-49D8-823D-CBFEBE63710E}.Release|x64.ActiveCfg = Release|x64
		{DC10E614-1150-49D8-823D-CBFEBE63710E}.Release|x64.Build.0 = Release|x64
		{DC10E614-1150-49D8-823D-CBFEBE63710E}.Release|x86.ActiveCfg = Release|Win32
		{DC10E614-1150-49D8-823D-CBFEBE63710E}.Release|x86.Build.0 = Release|Win32
		{9B540536-2D35-414E-9C56-02DC2E62B1D7}.Debug|x64.ActiveCfg = Debug|x64
		{9B540536-2D35-414E-9C56-02DC2E62B1D7}.Debug|x64.Build.0 = Debug|x64
		{9B540536-2D35-414E-9C56-02DC2E62B1D7}.Debug|x86.ActiveCfg = Debug|Win32
		{9B540536-2D35-414E-9C56-02DC2E62B1D7}.Debug|x86.Build.0 = Debug|Win32
		{9B540536-2D35-414E-9C56-02DC2E62B1D7}.Release|x64.ActiveCfg = Release|x64
		{9B540536-2D35-414E-9C56-02DC2E62B1D7}.Release|x64.Build.0 = Release|x64
		{9B540536-2D35-414E-9C56-02DC2E62B1D7}.Release|x86.ActiveCfg = Release|Win32
		{9B540536-2D35-414E-9C56-02DC2E62B1D7}.Release|x86.Build.0 = Release|Win32
	EndGlobalSection
	GlobalSection(SolutionProperties) = preSolution
		HideSolutionNode = FALSE
	EndGlobalSection
EndGlobal
