
Microsoft Visual Studio Solution File, Format Version 12.00
# Visual Studio Version 17
VisualStudioVersion = 17.11.35327.3
MinimumVisualStudioVersion = 10.0.40219.1
Project("{8BC9CEB8-8B4A-11D0-8D11-00A0C91BC942}") = "bidirectional", "bidirectional\bidirectional.vcxproj", "{F37C0834-1A66-4D59-8BC7-223ECD3F5A44}"
EndProject
Project("{8BC9CEB8-8B4A-11D0-8D11-00A0C91BC942}") = "personDb", "personDb\personDb.vcxproj", "{AB918030-5730-421B-987A-47B594B1120F}"
EndProject
Project("{8BC9CEB8-8B4A-11D0-8D11-00A0C91BC942}") = "sheet", "sheet\sheet.vcxproj", "{83668278-33FD-4FED-88B4-C6A131693227}"
EndProject
Global
	GlobalSection(SolutionConfigurationPlatforms) = preSolution
		Debug|x64 = Debug|x64
		Debug|x86 = Debug|x86
		Release|x64 = Release|x64
		Release|x86 = Release|x86
	EndGlobalSection
	GlobalSection(ProjectConfigurationPlatforms) = postSolution
		{F37C0834-1A66-4D59-8BC7-223ECD3F5A44}.Debug|x64.ActiveCfg = Debug|x64
		{F37C0834-1A66-4D59-8BC7-223ECD3F5A44}.Debug|x64.Build.0 = Debug|x64
		{F37C0834-1A66-4D59-8BC7-223ECD3F5A44}.Debug|x86.ActiveCfg = Debug|Win32
		{F37C0834-1A66-4D59-8BC7-223ECD3F5A44}.Debug|x86.Build.0 = Debug|Win32
		{F37C0834-1A66-4D59-8BC7-223ECD3F5A44}.Release|x64.ActiveCfg = Release|x64
		{F37C0834-1A66-4D59-8BC7-223ECD3F5A44}.Release|x64.Build.0 = Release|x64
		{F37C0834-1A66-4D59-8BC7-223ECD3F5A44}.Release|x86.ActiveCfg = Release|Win32
		{F37C0834-1A66-4D59-8BC7-223ECD3F5A44}.Release|x86.Build.0 = Release|Win32
		{AB918030-5730-421B-987A-47B594B1120F}.Debug|x64.ActiveCfg = Debug|x64
		{AB918030-5730-421B-987A-47B594B1120F}.Debug|x64.Build.0 = Debug|x64
		{AB918030-5730-421B-987A-47B594B1120F}.Debug|x86.ActiveCfg = Debug|Win32
		{AB918030-5730-421B-987A-47B594B1120F}.Debug|x86.Build.0 = Debug|Win32
		{AB918030-5730-421B-987A-47B594B1120F}.Release|x64.ActiveCfg = Release|x64
		{AB918030-5730-421B-987A-47B594B1120F}.Release|x64.Build.0 = Release|x64
		{AB918030-5730-421B-987A-47B594B1120F}.Release|x86.ActiveCfg = Release|Win32
		{AB918030-5730-421B-987A-47B594B1120F}.Release|x86.Build.0 = Release|Win32
		{83668278-33FD-4FED-88B4-C6A131693227}.Debug|x64.ActiveCfg = Debug|x64
		{83668278-33FD-4FED-88B4-C6A131693227}.Debug|x64.Build.0 = Debug|x64
		{83668278-33FD-4FED-88B4-C6A131693227}.Debug|x86.ActiveCfg = Debug|Win32
		{83668278-33FD-4FED-88B4-C6A131693227}.Debug|x86.Build.0 = Debug|Win32
		{83668278-33FD-4FED-88B4-C6A131693227}.Release|x64.ActiveCfg = Release|x64
		{83668278-33FD-4FED-88B4-C6A131693227}.Release|x64.Build.0 = Release|x64
		{83668278-33FD-4FED-88B4-C6A131693227}.Release|x86.ActiveCfg = Release|Win32
		{83668278-33FD-4FED-88B4-C6A131693227}.Release|x86.Build.0 = Release|Win32
	EndGlobalSection
	GlobalSection(SolutionProperties) = preSolution
		HideSolutionNode = FALSE
	EndGlobalSection
	GlobalSection(ExtensibilityGlobals) = postSolution
		SolutionGuid = {6C3AD8E9-3F73-4C52-A0F7-AB5CD91AE780}
	EndGlobalSection
EndGlobal
