
Microsoft Visual Studio Solution File, Format Version 12.00
# Visual Studio 14
VisualStudioVersion = 14.0.25420.1
MinimumVisualStudioVersion = 10.0.40219.1
Project("{8BC9CEB8-8B4A-11D0-8D11-00A0C91BC942}") = "_01_First", "_01_First\_01_First.vcxproj", "{9EF07EC5-9AFC-49D2-A727-C84F6C0FAB01}"
EndProject
Project("{8BC9CEB8-8B4A-11D0-8D11-00A0C91BC942}") = "_02_FatHm_Ft", "_02_FatHm_Ft\_02_FatHm_Ft.vcxproj", "{2B5B01BD-2493-400D-BC47-AFEE72388E03}"
EndProject
Project("{8BC9CEB8-8B4A-11D0-8D11-00A0C91BC942}") = "_03_Two_Func", "_03_Two_Func\_03_Two_Func.vcxproj", "{DB710778-05E4-40EF-BD2A-9843127672CB}"
EndProject
Global
	GlobalSection(SolutionConfigurationPlatforms) = preSolution
		Debug|x64 = Debug|x64
		Debug|x86 = Debug|x86
		Release|x64 = Release|x64
		Release|x86 = Release|x86
	EndGlobalSection
	GlobalSection(ProjectConfigurationPlatforms) = postSolution
		{9EF07EC5-9AFC-49D2-A727-C84F6C0FAB01}.Debug|x64.ActiveCfg = Debug|x64
		{9EF07EC5-9AFC-49D2-A727-C84F6C0FAB01}.Debug|x64.Build.0 = Debug|x64
		{9EF07EC5-9AFC-49D2-A727-C84F6C0FAB01}.Debug|x86.ActiveCfg = Debug|Win32
		{9EF07EC5-9AFC-49D2-A727-C84F6C0FAB01}.Debug|x86.Build.0 = Debug|Win32
		{9EF07EC5-9AFC-49D2-A727-C84F6C0FAB01}.Release|x64.ActiveCfg = Release|x64
		{9EF07EC5-9AFC-49D2-A727-C84F6C0FAB01}.Release|x64.Build.0 = Release|x64
		{9EF07EC5-9AFC-49D2-A727-C84F6C0FAB01}.Release|x86.ActiveCfg = Release|Win32
		{9EF07EC5-9AFC-49D2-A727-C84F6C0FAB01}.Release|x86.Build.0 = Release|Win32
		{2B5B01BD-2493-400D-BC47-AFEE72388E03}.Debug|x64.ActiveCfg = Debug|x64
		{2B5B01BD-2493-400D-BC47-AFEE72388E03}.Debug|x64.Build.0 = Debug|x64
		{2B5B01BD-2493-400D-BC47-AFEE72388E03}.Debug|x86.ActiveCfg = Debug|Win32
		{2B5B01BD-2493-400D-BC47-AFEE72388E03}.Debug|x86.Build.0 = Debug|Win32
		{2B5B01BD-2493-400D-BC47-AFEE72388E03}.Release|x64.ActiveCfg = Release|x64
		{2B5B01BD-2493-400D-BC47-AFEE72388E03}.Release|x64.Build.0 = Release|x64
		{2B5B01BD-2493-400D-BC47-AFEE72388E03}.Release|x86.ActiveCfg = Release|Win32
		{2B5B01BD-2493-400D-BC47-AFEE72388E03}.Release|x86.Build.0 = Release|Win32
		{DB710778-05E4-40EF-BD2A-9843127672CB}.Debug|x64.ActiveCfg = Debug|x64
		{DB710778-05E4-40EF-BD2A-9843127672CB}.Debug|x64.Build.0 = Debug|x64
		{DB710778-05E4-40EF-BD2A-9843127672CB}.Debug|x86.ActiveCfg = Debug|Win32
		{DB710778-05E4-40EF-BD2A-9843127672CB}.Debug|x86.Build.0 = Debug|Win32
		{DB710778-05E4-40EF-BD2A-9843127672CB}.Release|x64.ActiveCfg = Release|x64
		{DB710778-05E4-40EF-BD2A-9843127672CB}.Release|x64.Build.0 = Release|x64
		{DB710778-05E4-40EF-BD2A-9843127672CB}.Release|x86.ActiveCfg = Release|Win32
		{DB710778-05E4-40EF-BD2A-9843127672CB}.Release|x86.Build.0 = Release|Win32
	EndGlobalSection
	GlobalSection(SolutionProperties) = preSolution
		HideSolutionNode = FALSE
	EndGlobalSection
EndGlobal
