
Microsoft Visual Studio Solution File, Format Version 12.00
# Visual Studio 2013
VisualStudioVersion = 12.0.21005.1
MinimumVisualStudioVersion = 10.0.40219.1
Project("{8BC9CEB8-8B4A-11D0-8D11-00A0C91BC942}") = "winSock2_Sample", "winSock2_Sample\winSock2_Sample.vcxproj", "{9855C49B-88EA-498F-B6A3-32AA6F909A82}"
EndProject
Project("{8BC9CEB8-8B4A-11D0-8D11-00A0C91BC942}") = "socketConnection_lib", "socketConnection_lib\socketConnection_lib.vcxproj", "{40D3090C-A329-420C-913E-1BC0D31F1D90}"
EndProject
Project("{8BC9CEB8-8B4A-11D0-8D11-00A0C91BC942}") = "simpleServer_impl", "simpleServer_impl\simpleServer_impl.vcxproj", "{DCF11877-D1B4-4D28-BB50-45466BCD918F}"
	ProjectSection(ProjectDependencies) = postProject
		{40D3090C-A329-420C-913E-1BC0D31F1D90} = {40D3090C-A329-420C-913E-1BC0D31F1D90}
	EndProjectSection
EndProject
Project("{8BC9CEB8-8B4A-11D0-8D11-00A0C91BC942}") = "simpleClient_impl", "simpleClient_impl\simpleClient_impl.vcxproj", "{2418A4B3-E32D-48C8-BC5B-C1F8BC67D524}"
	ProjectSection(ProjectDependencies) = postProject
		{40D3090C-A329-420C-913E-1BC0D31F1D90} = {40D3090C-A329-420C-913E-1BC0D31F1D90}
	EndProjectSection
EndProject
Project("{8BC9CEB8-8B4A-11D0-8D11-00A0C91BC942}") = "winSock_Server_sample", "winSock_Server_sample\winSock_Server_sample.vcxproj", "{F2C6663B-8829-44F5-AE64-DFAC9554CAA9}"
EndProject
Project("{8BC9CEB8-8B4A-11D0-8D11-00A0C91BC942}") = "winSock_Client_sample", "winSock_Client_sample\winSock_Client_sample.vcxproj", "{F5139F40-DC9C-4FC0-809D-3D2A8CF6A842}"
EndProject
Project("{8BC9CEB8-8B4A-11D0-8D11-00A0C91BC942}") = "protocolServer_sample", "protocolServer_sample\protocolServer_sample.vcxproj", "{06AFC06E-4B20-478A-88ED-C2A996C8E29A}"
	ProjectSection(ProjectDependencies) = postProject
		{40D3090C-A329-420C-913E-1BC0D31F1D90} = {40D3090C-A329-420C-913E-1BC0D31F1D90}
	EndProjectSection
EndProject
Project("{8BC9CEB8-8B4A-11D0-8D11-00A0C91BC942}") = "protocolClient_sample", "protocolClient_sample\protocolClient_sample.vcxproj", "{1D5AF89A-BB47-4F0A-BE99-CFAF8F6B1862}"
	ProjectSection(ProjectDependencies) = postProject
		{40D3090C-A329-420C-913E-1BC0D31F1D90} = {40D3090C-A329-420C-913E-1BC0D31F1D90}
	EndProjectSection
EndProject
Project("{2150E333-8FDC-42A3-9474-1A3956D46DE8}") = "Protocol sample (async)", "Protocol sample (async)", "{A0C59BB9-A8DF-42B7-9428-20CC2E11C14A}"
EndProject
Project("{2150E333-8FDC-42A3-9474-1A3956D46DE8}") = "WinSocket sample", "WinSocket sample", "{2C6A4E5F-1942-4CCF-A840-B64FAF893D7C}"
EndProject
Project("{2150E333-8FDC-42A3-9474-1A3956D46DE8}") = "Shared", "Shared", "{59FDA697-BC6A-45E8-A6CF-E315EAEBE18C}"
EndProject
Project("{2150E333-8FDC-42A3-9474-1A3956D46DE8}") = "One way exchange", "One way exchange", "{21EAEA47-67F7-48D8-9DC4-354C095520D2}"
EndProject
Project("{2150E333-8FDC-42A3-9474-1A3956D46DE8}") = "Multicasting", "Multicasting", "{974EE727-787B-492D-B3CF-0289A293D56C}"
EndProject
Project("{8BC9CEB8-8B4A-11D0-8D11-00A0C91BC942}") = "UDP multicast sender", "multicasting\UDP multicast sender\UDP multicast sender.vcxproj", "{CE397D86-5309-4E59-A51F-3B53574A8DA0}"
EndProject
Project("{8BC9CEB8-8B4A-11D0-8D11-00A0C91BC942}") = "Multicast receiver", "multicasting\Multicast receiver\Multicast receiver.vcxproj", "{6865C187-AAFA-46EE-B8A3-ED402C68C375}"
EndProject
Project("{2150E333-8FDC-42A3-9474-1A3956D46DE8}") = "ipv6_multicast_example", "ipv6_multicast_example", "{208AC689-0D00-4978-A289-5F0E31948DE6}"
EndProject
Project("{8BC9CEB8-8B4A-11D0-8D11-00A0C91BC942}") = "ipv6_multicast_send", "ipv6_multicast_example\ipv6_multicast_send\ipv6_multicast_send.vcxproj", "{E590C538-4CC7-4634-AD93-1CA00723AE37}"
EndProject
Project("{8BC9CEB8-8B4A-11D0-8D11-00A0C91BC942}") = "ipv6_multicast_recv", "ipv6_multicast_example\ipv6_multicast_recv\ipv6_multicast_recv.vcxproj", "{4404F7BD-C7E1-464A-A9EB-AFA68EC4ED7C}"
EndProject
Project("{2150E333-8FDC-42A3-9474-1A3956D46DE8}") = "ipv6_tcp_blocking_socket", "ipv6_tcp_blocking_socket", "{E9310B50-03CD-45B3-97A9-3A3F4C42EA52}"
EndProject
Global
	GlobalSection(SolutionConfigurationPlatforms) = preSolution
		Debug|Win32 = Debug|Win32
		Debug|x64 = Debug|x64
		Release|Win32 = Release|Win32
		Release|x64 = Release|x64
	EndGlobalSection
	GlobalSection(ProjectConfigurationPlatforms) = postSolution
		{9855C49B-88EA-498F-B6A3-32AA6F909A82}.Debug|Win32.ActiveCfg = Debug|Win32
		{9855C49B-88EA-498F-B6A3-32AA6F909A82}.Debug|Win32.Build.0 = Debug|Win32
		{9855C49B-88EA-498F-B6A3-32AA6F909A82}.Debug|x64.ActiveCfg = Debug|Win32
		{9855C49B-88EA-498F-B6A3-32AA6F909A82}.Release|Win32.ActiveCfg = Release|Win32
		{9855C49B-88EA-498F-B6A3-32AA6F909A82}.Release|Win32.Build.0 = Release|Win32
		{9855C49B-88EA-498F-B6A3-32AA6F909A82}.Release|x64.ActiveCfg = Release|Win32
		{40D3090C-A329-420C-913E-1BC0D31F1D90}.Debug|Win32.ActiveCfg = Debug|Win32
		{40D3090C-A329-420C-913E-1BC0D31F1D90}.Debug|Win32.Build.0 = Debug|Win32
		{40D3090C-A329-420C-913E-1BC0D31F1D90}.Debug|x64.ActiveCfg = Debug|Win32
		{40D3090C-A329-420C-913E-1BC0D31F1D90}.Release|Win32.ActiveCfg = Release|Win32
		{40D3090C-A329-420C-913E-1BC0D31F1D90}.Release|Win32.Build.0 = Release|Win32
		{40D3090C-A329-420C-913E-1BC0D31F1D90}.Release|x64.ActiveCfg = Release|Win32
		{DCF11877-D1B4-4D28-BB50-45466BCD918F}.Debug|Win32.ActiveCfg = Debug|Win32
		{DCF11877-D1B4-4D28-BB50-45466BCD918F}.Debug|Win32.Build.0 = Debug|Win32
		{DCF11877-D1B4-4D28-BB50-45466BCD918F}.Debug|x64.ActiveCfg = Debug|Win32
		{DCF11877-D1B4-4D28-BB50-45466BCD918F}.Release|Win32.ActiveCfg = Release|Win32
		{DCF11877-D1B4-4D28-BB50-45466BCD918F}.Release|Win32.Build.0 = Release|Win32
		{DCF11877-D1B4-4D28-BB50-45466BCD918F}.Release|x64.ActiveCfg = Release|Win32
		{2418A4B3-E32D-48C8-BC5B-C1F8BC67D524}.Debug|Win32.ActiveCfg = Debug|Win32
		{2418A4B3-E32D-48C8-BC5B-C1F8BC67D524}.Debug|Win32.Build.0 = Debug|Win32
		{2418A4B3-E32D-48C8-BC5B-C1F8BC67D524}.Debug|x64.ActiveCfg = Debug|Win32
		{2418A4B3-E32D-48C8-BC5B-C1F8BC67D524}.Release|Win32.ActiveCfg = Release|Win32
		{2418A4B3-E32D-48C8-BC5B-C1F8BC67D524}.Release|Win32.Build.0 = Release|Win32
		{2418A4B3-E32D-48C8-BC5B-C1F8BC67D524}.Release|x64.ActiveCfg = Release|Win32
		{F2C6663B-8829-44F5-AE64-DFAC9554CAA9}.Debug|Win32.ActiveCfg = Debug|Win32
		{F2C6663B-8829-44F5-AE64-DFAC9554CAA9}.Debug|Win32.Build.0 = Debug|Win32
		{F2C6663B-8829-44F5-AE64-DFAC9554CAA9}.Debug|x64.ActiveCfg = Debug|Win32
		{F2C6663B-8829-44F5-AE64-DFAC9554CAA9}.Release|Win32.ActiveCfg = Release|Win32
		{F2C6663B-8829-44F5-AE64-DFAC9554CAA9}.Release|Win32.Build.0 = Release|Win32
		{F2C6663B-8829-44F5-AE64-DFAC9554CAA9}.Release|x64.ActiveCfg = Release|Win32
		{F5139F40-DC9C-4FC0-809D-3D2A8CF6A842}.Debug|Win32.ActiveCfg = Debug|Win32
		{F5139F40-DC9C-4FC0-809D-3D2A8CF6A842}.Debug|Win32.Build.0 = Debug|Win32
		{F5139F40-DC9C-4FC0-809D-3D2A8CF6A842}.Debug|x64.ActiveCfg = Debug|Win32
		{F5139F40-DC9C-4FC0-809D-3D2A8CF6A842}.Release|Win32.ActiveCfg = Release|Win32
		{F5139F40-DC9C-4FC0-809D-3D2A8CF6A842}.Release|Win32.Build.0 = Release|Win32
		{F5139F40-DC9C-4FC0-809D-3D2A8CF6A842}.Release|x64.ActiveCfg = Release|Win32
		{06AFC06E-4B20-478A-88ED-C2A996C8E29A}.Debug|Win32.ActiveCfg = Debug|Win32
		{06AFC06E-4B20-478A-88ED-C2A996C8E29A}.Debug|Win32.Build.0 = Debug|Win32
		{06AFC06E-4B20-478A-88ED-C2A996C8E29A}.Debug|x64.ActiveCfg = Debug|Win32
		{06AFC06E-4B20-478A-88ED-C2A996C8E29A}.Release|Win32.ActiveCfg = Release|Win32
		{06AFC06E-4B20-478A-88ED-C2A996C8E29A}.Release|Win32.Build.0 = Release|Win32
		{06AFC06E-4B20-478A-88ED-C2A996C8E29A}.Release|x64.ActiveCfg = Release|Win32
		{1D5AF89A-BB47-4F0A-BE99-CFAF8F6B1862}.Debug|Win32.ActiveCfg = Debug|Win32
		{1D5AF89A-BB47-4F0A-BE99-CFAF8F6B1862}.Debug|Win32.Build.0 = Debug|Win32
		{1D5AF89A-BB47-4F0A-BE99-CFAF8F6B1862}.Debug|x64.ActiveCfg = Debug|Win32
		{1D5AF89A-BB47-4F0A-BE99-CFAF8F6B1862}.Release|Win32.ActiveCfg = Release|Win32
		{1D5AF89A-BB47-4F0A-BE99-CFAF8F6B1862}.Release|Win32.Build.0 = Release|Win32
		{1D5AF89A-BB47-4F0A-BE99-CFAF8F6B1862}.Release|x64.ActiveCfg = Release|Win32
		{CE397D86-5309-4E59-A51F-3B53574A8DA0}.Debug|Win32.ActiveCfg = Debug|Win32
		{CE397D86-5309-4E59-A51F-3B53574A8DA0}.Debug|Win32.Build.0 = Debug|Win32
		{CE397D86-5309-4E59-A51F-3B53574A8DA0}.Debug|x64.ActiveCfg = Debug|Win32
		{CE397D86-5309-4E59-A51F-3B53574A8DA0}.Release|Win32.ActiveCfg = Release|Win32
		{CE397D86-5309-4E59-A51F-3B53574A8DA0}.Release|Win32.Build.0 = Release|Win32
		{CE397D86-5309-4E59-A51F-3B53574A8DA0}.Release|x64.ActiveCfg = Release|Win32
		{6865C187-AAFA-46EE-B8A3-ED402C68C375}.Debug|Win32.ActiveCfg = Debug|Win32
		{6865C187-AAFA-46EE-B8A3-ED402C68C375}.Debug|Win32.Build.0 = Debug|Win32
		{6865C187-AAFA-46EE-B8A3-ED402C68C375}.Debug|x64.ActiveCfg = Debug|Win32
		{6865C187-AAFA-46EE-B8A3-ED402C68C375}.Release|Win32.ActiveCfg = Release|Win32
		{6865C187-AAFA-46EE-B8A3-ED402C68C375}.Release|Win32.Build.0 = Release|Win32
		{6865C187-AAFA-46EE-B8A3-ED402C68C375}.Release|x64.ActiveCfg = Release|Win32
		{E590C538-4CC7-4634-AD93-1CA00723AE37}.Debug|Win32.ActiveCfg = Debug|Win32
		{E590C538-4CC7-4634-AD93-1CA00723AE37}.Debug|Win32.Build.0 = Debug|Win32
		{E590C538-4CC7-4634-AD93-1CA00723AE37}.Debug|x64.ActiveCfg = Debug|Win32
		{E590C538-4CC7-4634-AD93-1CA00723AE37}.Release|Win32.ActiveCfg = Release|Win32
		{E590C538-4CC7-4634-AD93-1CA00723AE37}.Release|Win32.Build.0 = Release|Win32
		{E590C538-4CC7-4634-AD93-1CA00723AE37}.Release|x64.ActiveCfg = Release|Win32
		{4404F7BD-C7E1-464A-A9EB-AFA68EC4ED7C}.Debug|Win32.ActiveCfg = Debug|Win32
		{4404F7BD-C7E1-464A-A9EB-AFA68EC4ED7C}.Debug|Win32.Build.0 = Debug|Win32
		{4404F7BD-C7E1-464A-A9EB-AFA68EC4ED7C}.Debug|x64.ActiveCfg = Debug|Win32
		{4404F7BD-C7E1-464A-A9EB-AFA68EC4ED7C}.Release|Win32.ActiveCfg = Release|Win32
		{4404F7BD-C7E1-464A-A9EB-AFA68EC4ED7C}.Release|Win32.Build.0 = Release|Win32
		{4404F7BD-C7E1-464A-A9EB-AFA68EC4ED7C}.Release|x64.ActiveCfg = Release|Win32
	EndGlobalSection
	GlobalSection(SolutionProperties) = preSolution
		HideSolutionNode = FALSE
	EndGlobalSection
	GlobalSection(NestedProjects) = preSolution
		{F2C6663B-8829-44F5-AE64-DFAC9554CAA9} = {2C6A4E5F-1942-4CCF-A840-B64FAF893D7C}
		{F5139F40-DC9C-4FC0-809D-3D2A8CF6A842} = {2C6A4E5F-1942-4CCF-A840-B64FAF893D7C}
		{9855C49B-88EA-498F-B6A3-32AA6F909A82} = {2C6A4E5F-1942-4CCF-A840-B64FAF893D7C}
		{40D3090C-A329-420C-913E-1BC0D31F1D90} = {59FDA697-BC6A-45E8-A6CF-E315EAEBE18C}
		{2418A4B3-E32D-48C8-BC5B-C1F8BC67D524} = {21EAEA47-67F7-48D8-9DC4-354C095520D2}
		{DCF11877-D1B4-4D28-BB50-45466BCD918F} = {21EAEA47-67F7-48D8-9DC4-354C095520D2}
		{1D5AF89A-BB47-4F0A-BE99-CFAF8F6B1862} = {A0C59BB9-A8DF-42B7-9428-20CC2E11C14A}
		{06AFC06E-4B20-478A-88ED-C2A996C8E29A} = {A0C59BB9-A8DF-42B7-9428-20CC2E11C14A}
		{CE397D86-5309-4E59-A51F-3B53574A8DA0} = {974EE727-787B-492D-B3CF-0289A293D56C}
		{6865C187-AAFA-46EE-B8A3-ED402C68C375} = {974EE727-787B-492D-B3CF-0289A293D56C}
		{E590C538-4CC7-4634-AD93-1CA00723AE37} = {208AC689-0D00-4978-A289-5F0E31948DE6}
		{4404F7BD-C7E1-464A-A9EB-AFA68EC4ED7C} = {208AC689-0D00-4978-A289-5F0E31948DE6}
	EndGlobalSection
	GlobalSection(ExtensibilityGlobals) = postSolution
		SolutionGuid = {39F585BC-7815-4891-8025-EC6CA5807813}
	EndGlobalSection
EndGlobal
