
Microsoft Visual Studio Solution File, Format Version 12.00
# Visual Studio Version 17
VisualStudioVersion = 17.11.35327.3
MinimumVisualStudioVersion = 10.0.40219.1
Project("{8BC9CEB8-8B4A-11D0-8D11-00A0C91BC942}") = "01_gridTemplateContainer", "01_gridTemplateContainer\01_gridTemplateContainer.vcxproj", "{6239E486-5EFB-4A2A-8DEE-B881FB2449EA}"
EndProject
Project("{8BC9CEB8-8B4A-11D0-8D11-00A0C91BC942}") = "02_gridTemplateContainerDefault", "02_gridTemplateContainerDefault\02_gridTemplateContainerDefault.vcxproj", "{3415F5C7-3D0D-469A-99DF-726E2FC32CD9}"
EndProject
Project("{8BC9CEB8-8B4A-11D0-8D11-00A0C91BC942}") = "03_gridTemplateContainerTemplateTemplate", "03_gridTemplateContainerTemplateTemplate\03_gridTemplateContainerTemplateTemplate.vcxproj", "{9B822D2A-7701-4ADC-8D74-9CD64CF7F520}"
EndProject
Project("{8BC9CEB8-8B4A-11D0-8D11-00A0C91BC942}") = "04_gridDefaultElementValue", "04_gridDefaultElementValue\04_gridDefaultElementValue.vcxproj", "{8A83E7A3-6AB9-4B49-8623-79FC5E15B0B1}"
EndProject
Project("{8BC9CEB8-8B4A-11D0-8D11-00A0C91BC942}") = "05_gridPartialString", "05_gridPartialString\05_gridPartialString.vcxproj", "{7558486C-ADEC-47C2-A655-B86D4AF611A1}"
EndProject
Project("{8BC9CEB8-8B4A-11D0-8D11-00A0C91BC942}") = "06_gridPartialPtr", "06_gridPartialPtr\06_gridPartialPtr.vcxproj", "{D475B9C8-4F1E-4A0B-B1AC-3F10610FEBD4}"
EndProject
Project("{8BC9CEB8-8B4A-11D0-8D11-00A0C91BC942}") = "07_functionTemplatePtr", "07_functionTemplatePtr\07_functionTemplatePtr.vcxproj", "{DA9F883D-CC6F-4900-88E0-A8B5331C570D}"
EndProject
Project("{8BC9CEB8-8B4A-11D0-8D11-00A0C91BC942}") = "08_oneDGrid", "08_oneDGrid\08_oneDGrid.vcxproj", "{741FC9E7-E90C-4CB1-ADB3-2061E31EA865}"
EndProject
Project("{8BC9CEB8-8B4A-11D0-8D11-00A0C91BC942}") = "09_nDGrid", "09_nDGrid\09_nDGrid.vcxproj", "{E294AE21-40EE-48B2-8F7D-465E3D4956F0}"
EndProject
Project("{2150E333-8FDC-42A3-9474-1A3956D46DE8}") = "10_varArgs", "10_varArgs", "{E7E096DF-019C-4187-BA26-24531FB64F4F}"
EndProject
Project("{8BC9CEB8-8B4A-11D0-8D11-00A0C91BC942}") = "01_varArgsWithVariadicTemplates", "10_varArgs\01_varArgsWithVariadicTemplates\01_varArgsWithVariadicTemplates.vcxproj", "{E57CD08E-7094-413E-98C4-B1687DA30A4F}"
EndProject
Project("{8BC9CEB8-8B4A-11D0-8D11-00A0C91BC942}") = "02_varArgsWithVariadicTemplatesAndRefs", "10_varArgs\02_varArgsWithVariadicTemplatesAndRefs\02_varArgsWithVariadicTemplatesAndRefs.vcxproj", "{CD9DB477-8EAA-4AAE-8BAC-953FE23E50E8}"
EndProject
Project("{8BC9CEB8-8B4A-11D0-8D11-00A0C91BC942}") = "03_varArgsWithVariadicTemplatesAndConstexprIf", "10_varArgs\03_varArgsWithVariadicTemplatesAndConstexprIf\03_varArgsWithVariadicTemplatesAndConstexprIf.vcxproj", "{056D15BF-D90D-4F90-9CFE-497626F33560}"
EndProject
Project("{8BC9CEB8-8B4A-11D0-8D11-00A0C91BC942}") = "11_variadicMixins", "11_variadicMixins\11_variadicMixins.vcxproj", "{814A8C32-5516-431E-815E-DB339DEE0649}"
EndProject
Project("{2150E333-8FDC-42A3-9474-1A3956D46DE8}") = "12_folding", "12_folding", "{54159404-64AC-4F74-9ADE-65EB6BD976DA}"
EndProject
Project("{8BC9CEB8-8B4A-11D0-8D11-00A0C91BC942}") = "01_processValues", "12_folding\01_processValues\01_processValues.vcxproj", "{A65A460D-C4A4-4D84-849E-FE218016F677}"
EndProject
Project("{8BC9CEB8-8B4A-11D0-8D11-00A0C91BC942}") = "02_printValues", "12_folding\02_printValues\02_printValues.vcxproj", "{6F4D9994-7783-49DC-A34D-8164E0A339C2}"
EndProject
Project("{8BC9CEB8-8B4A-11D0-8D11-00A0C91BC942}") = "03_sumValues", "12_folding\03_sumValues\03_sumValues.vcxproj", "{2F0FBEC7-5295-4FD8-AA1E-3C9C642DC344}"
EndProject
Project("{8BC9CEB8-8B4A-11D0-8D11-00A0C91BC942}") = "04_sumValuesUnaryLeftFold", "12_folding\04_sumValuesUnaryLeftFold\04_sumValuesUnaryLeftFold.vcxproj", "{F3F40935-C6C8-44D1-89B0-350DEDD45DBC}"
EndProject
Project("{8BC9CEB8-8B4A-11D0-8D11-00A0C91BC942}") = "05_sumValuesSameType", "12_folding\05_sumValuesSameType\05_sumValuesSameType.vcxproj", "{24DB8F4F-B29C-4EAD-9503-925003326B47}"
EndProject
Project("{8BC9CEB8-8B4A-11D0-8D11-00A0C91BC942}") = "06_allEven_anyEven", "12_folding\06_allEven_anyEven\06_allEven_anyEven.vcxproj", "{41909829-ECD0-4938-ACF8-B7636CFE3E68}"
EndProject
Project("{2150E333-8FDC-42A3-9474-1A3956D46DE8}") = "13_factorial", "13_factorial", "{4392FED5-D942-4EA5-B88F-9F41451BB8A1}"
EndProject
Project("{8BC9CEB8-8B4A-11D0-8D11-00A0C91BC942}") = "01_factorial", "13_factorial\01_factorial\01_factorial.vcxproj", "{BFB2770F-6D3F-49FD-9734-765A16444826}"
EndProject
Project("{8BC9CEB8-8B4A-11D0-8D11-00A0C91BC942}") = "02_consteval", "13_factorial\02_consteval\02_consteval.vcxproj", "{DA8618CB-13C4-4209-A06C-76B09E921BE2}"
EndProject
Project("{8BC9CEB8-8B4A-11D0-8D11-00A0C91BC942}") = "14_loopUnrolling", "14_loopUnrolling\14_loopUnrolling.vcxproj", "{83D88497-9300-4913-9A71-F70804A9B7BC}"
EndProject
Project("{2150E333-8FDC-42A3-9474-1A3956D46DE8}") = "15_printTuple", "15_printTuple", "{622DABFE-1B44-49E7-8067-364F8265C022}"
EndProject
Project("{8BC9CEB8-8B4A-11D0-8D11-00A0C91BC942}") = "01_printTuple", "15_printTuple\01_printTuple\01_printTuple.vcxproj", "{1564E6DC-DA68-4CF4-9648-FD2725998E18}"
EndProject
Project("{8BC9CEB8-8B4A-11D0-8D11-00A0C91BC942}") = "02_printTupleSimplified", "15_printTuple\02_printTupleSimplified\02_printTupleSimplified.vcxproj", "{B276BDDD-E386-40F6-920F-51E2FC58F2B4}"
EndProject
Project("{8BC9CEB8-8B4A-11D0-8D11-00A0C91BC942}") = "03_constexpr_if", "15_printTuple\03_constexpr_if\03_constexpr_if.vcxproj", "{6D7911B7-351F-4E0A-A61C-8BC6E786809B}"
EndProject
Project("{8BC9CEB8-8B4A-11D0-8D11-00A0C91BC942}") = "04_constexpr_if_function", "15_printTuple\04_constexpr_if_function\04_constexpr_if_function.vcxproj", "{738FE8A3-A247-4022-946F-17A73C4344AB}"
EndProject
Project("{8BC9CEB8-8B4A-11D0-8D11-00A0C91BC942}") = "05_constexpr_if_function_simplified", "15_printTuple\05_constexpr_if_function_simplified\05_constexpr_if_function_simplified.vcxproj", "{D5D9F6ED-2273-4455-AC21-A12875E6916F}"
EndProject
Project("{8BC9CEB8-8B4A-11D0-8D11-00A0C91BC942}") = "06_index_sequence", "15_printTuple\06_index_sequence\06_index_sequence.vcxproj", "{59AECCDF-0816-4479-B6D8-8BD422B9B608}"
EndProject
Project("{2150E333-8FDC-42A3-9474-1A3956D46DE8}") = "16_typeTraits", "16_typeTraits", "{FE3A9736-D1EF-46D9-B1F4-B8859635F437}"
EndProject
Project("{8BC9CEB8-8B4A-11D0-8D11-00A0C91BC942}") = "01_basic", "16_typeTraits\01_basic\01_basic.vcxproj", "{5F0C8F9A-6DAF-43D2-B7BF-D038296EC216}"
EndProject
Project("{8BC9CEB8-8B4A-11D0-8D11-00A0C91BC942}") = "02_is_integral", "16_typeTraits\02_is_integral\02_is_integral.vcxproj", "{895874D0-B2C5-4EB1-A5D5-8691AD63C162}"
EndProject
Project("{8BC9CEB8-8B4A-11D0-8D11-00A0C91BC942}") = "03_is_integral_constexpr_if", "16_typeTraits\03_is_integral_constexpr_if\03_is_integral_constexpr_if.vcxproj", "{87E737B9-5B7C-4025-B071-500591CFBF68}"
EndProject
Project("{8BC9CEB8-8B4A-11D0-8D11-00A0C91BC942}") = "04_is_same", "16_typeTraits\04_is_same\04_is_same.vcxproj", "{701C7712-71F7-4C83-A9CB-323A72E6EC83}"
EndProject
Project("{8BC9CEB8-8B4A-11D0-8D11-00A0C91BC942}") = "05_is_same_overloaded", "16_typeTraits\05_is_same_overloaded\05_is_same_overloaded.vcxproj", "{A42A8FBF-6FD1-410F-B7DA-7A067B803CAF}"
EndProject
Project("{8BC9CEB8-8B4A-11D0-8D11-00A0C91BC942}") = "06_move_assign_if_noexcept", "16_typeTraits\06_move_assign_if_noexcept\06_move_assign_if_noexcept.vcxproj", "{65B6E9AB-EE57-42FF-AE9D-627E14491CA7}"
EndProject
Project("{8BC9CEB8-8B4A-11D0-8D11-00A0C91BC942}") = "07_my_remove_pointer", "16_typeTraits\07_my_remove_pointer\07_my_remove_pointer.vcxproj", "{9BD6C59E-CA23-4AFD-84C8-A74C956B9E98}"
EndProject
Project("{8BC9CEB8-8B4A-11D0-8D11-00A0C91BC942}") = "08_enable_if", "16_typeTraits\08_enable_if\08_enable_if.vcxproj", "{827288C8-BF84-478C-ABD3-2660F1F83DD4}"
EndProject
Global
	GlobalSection(SolutionConfigurationPlatforms) = preSolution
		Debug|x64 = Debug|x64
		Debug|x86 = Debug|x86
		Release|x64 = Release|x64
		Release|x86 = Release|x86
	EndGlobalSection
	GlobalSection(ProjectConfigurationPlatforms) = postSolution
		{6239E486-5EFB-4A2A-8DEE-B881FB2449EA}.Debug|x64.ActiveCfg = Debug|x64
		{6239E486-5EFB-4A2A-8DEE-B881FB2449EA}.Debug|x64.Build.0 = Debug|x64
		{6239E486-5EFB-4A2A-8DEE-B881FB2449EA}.Debug|x86.ActiveCfg = Debug|Win32
		{6239E486-5EFB-4A2A-8DEE-B881FB2449EA}.Debug|x86.Build.0 = Debug|Win32
		{6239E486-5EFB-4A2A-8DEE-B881FB2449EA}.Release|x64.ActiveCfg = Release|x64
		{6239E486-5EFB-4A2A-8DEE-B881FB2449EA}.Release|x64.Build.0 = Release|x64
		{6239E486-5EFB-4A2A-8DEE-B881FB2449EA}.Release|x86.ActiveCfg = Release|Win32
		{6239E486-5EFB-4A2A-8DEE-B881FB2449EA}.Release|x86.Build.0 = Release|Win32
		{3415F5C7-3D0D-469A-99DF-726E2FC32CD9}.Debug|x64.ActiveCfg = Debug|x64
		{3415F5C7-3D0D-469A-99DF-726E2FC32CD9}.Debug|x64.Build.0 = Debug|x64
		{3415F5C7-3D0D-469A-99DF-726E2FC32CD9}.Debug|x86.ActiveCfg = Debug|Win32
		{3415F5C7-3D0D-469A-99DF-726E2FC32CD9}.Debug|x86.Build.0 = Debug|Win32
		{3415F5C7-3D0D-469A-99DF-726E2FC32CD9}.Release|x64.ActiveCfg = Release|x64
		{3415F5C7-3D0D-469A-99DF-726E2FC32CD9}.Release|x64.Build.0 = Release|x64
		{3415F5C7-3D0D-469A-99DF-726E2FC32CD9}.Release|x86.ActiveCfg = Release|Win32
		{3415F5C7-3D0D-469A-99DF-726E2FC32CD9}.Release|x86.Build.0 = Release|Win32
		{9B822D2A-7701-4ADC-8D74-9CD64CF7F520}.Debug|x64.ActiveCfg = Debug|x64
		{9B822D2A-7701-4ADC-8D74-9CD64CF7F520}.Debug|x64.Build.0 = Debug|x64
		{9B822D2A-7701-4ADC-8D74-9CD64CF7F520}.Debug|x86.ActiveCfg = Debug|Win32
		{9B822D2A-7701-4ADC-8D74-9CD64CF7F520}.Debug|x86.Build.0 = Debug|Win32
		{9B822D2A-7701-4ADC-8D74-9CD64CF7F520}.Release|x64.ActiveCfg = Release|x64
		{9B822D2A-7701-4ADC-8D74-9CD64CF7F520}.Release|x64.Build.0 = Release|x64
		{9B822D2A-7701-4ADC-8D74-9CD64CF7F520}.Release|x86.ActiveCfg = Release|Win32
		{9B822D2A-7701-4ADC-8D74-9CD64CF7F520}.Release|x86.Build.0 = Release|Win32
		{8A83E7A3-6AB9-4B49-8623-79FC5E15B0B1}.Debug|x64.ActiveCfg = Debug|x64
		{8A83E7A3-6AB9-4B49-8623-79FC5E15B0B1}.Debug|x64.Build.0 = Debug|x64
		{8A83E7A3-6AB9-4B49-8623-79FC5E15B0B1}.Debug|x86.ActiveCfg = Debug|Win32
		{8A83E7A3-6AB9-4B49-8623-79FC5E15B0B1}.Debug|x86.Build.0 = Debug|Win32
		{8A83E7A3-6AB9-4B49-8623-79FC5E15B0B1}.Release|x64.ActiveCfg = Release|x64
		{8A83E7A3-6AB9-4B49-8623-79FC5E15B0B1}.Release|x64.Build.0 = Release|x64
		{8A83E7A3-6AB9-4B49-8623-79FC5E15B0B1}.Release|x86.ActiveCfg = Release|Win32
		{8A83E7A3-6AB9-4B49-8623-79FC5E15B0B1}.Release|x86.Build.0 = Release|Win32
		{7558486C-ADEC-47C2-A655-B86D4AF611A1}.Debug|x64.ActiveCfg = Debug|x64
		{7558486C-ADEC-47C2-A655-B86D4AF611A1}.Debug|x64.Build.0 = Debug|x64
		{7558486C-ADEC-47C2-A655-B86D4AF611A1}.Debug|x86.ActiveCfg = Debug|Win32
		{7558486C-ADEC-47C2-A655-B86D4AF611A1}.Debug|x86.Build.0 = Debug|Win32
		{7558486C-ADEC-47C2-A655-B86D4AF611A1}.Release|x64.ActiveCfg = Release|x64
		{7558486C-ADEC-47C2-A655-B86D4AF611A1}.Release|x64.Build.0 = Release|x64
		{7558486C-ADEC-47C2-A655-B86D4AF611A1}.Release|x86.ActiveCfg = Release|Win32
		{7558486C-ADEC-47C2-A655-B86D4AF611A1}.Release|x86.Build.0 = Release|Win32
		{D475B9C8-4F1E-4A0B-B1AC-3F10610FEBD4}.Debug|x64.ActiveCfg = Debug|x64
		{D475B9C8-4F1E-4A0B-B1AC-3F10610FEBD4}.Debug|x64.Build.0 = Debug|x64
		{D475B9C8-4F1E-4A0B-B1AC-3F10610FEBD4}.Debug|x86.ActiveCfg = Debug|Win32
		{D475B9C8-4F1E-4A0B-B1AC-3F10610FEBD4}.Debug|x86.Build.0 = Debug|Win32
		{D475B9C8-4F1E-4A0B-B1AC-3F10610FEBD4}.Release|x64.ActiveCfg = Release|x64
		{D475B9C8-4F1E-4A0B-B1AC-3F10610FEBD4}.Release|x64.Build.0 = Release|x64
		{D475B9C8-4F1E-4A0B-B1AC-3F10610FEBD4}.Release|x86.ActiveCfg = Release|Win32
		{D475B9C8-4F1E-4A0B-B1AC-3F10610FEBD4}.Release|x86.Build.0 = Release|Win32
		{DA9F883D-CC6F-4900-88E0-A8B5331C570D}.Debug|x64.ActiveCfg = Debug|x64
		{DA9F883D-CC6F-4900-88E0-A8B5331C570D}.Debug|x64.Build.0 = Debug|x64
		{DA9F883D-CC6F-4900-88E0-A8B5331C570D}.Debug|x86.ActiveCfg = Debug|Win32
		{DA9F883D-CC6F-4900-88E0-A8B5331C570D}.Debug|x86.Build.0 = Debug|Win32
		{DA9F883D-CC6F-4900-88E0-A8B5331C570D}.Release|x64.ActiveCfg = Release|x64
		{DA9F883D-CC6F-4900-88E0-A8B5331C570D}.Release|x64.Build.0 = Release|x64
		{DA9F883D-CC6F-4900-88E0-A8B5331C570D}.Release|x86.ActiveCfg = Release|Win32
		{DA9F883D-CC6F-4900-88E0-A8B5331C570D}.Release|x86.Build.0 = Release|Win32
		{741FC9E7-E90C-4CB1-ADB3-2061E31EA865}.Debug|x64.ActiveCfg = Debug|x64
		{741FC9E7-E90C-4CB1-ADB3-2061E31EA865}.Debug|x64.Build.0 = Debug|x64
		{741FC9E7-E90C-4CB1-ADB3-2061E31EA865}.Debug|x86.ActiveCfg = Debug|Win32
		{741FC9E7-E90C-4CB1-ADB3-2061E31EA865}.Debug|x86.Build.0 = Debug|Win32
		{741FC9E7-E90C-4CB1-ADB3-2061E31EA865}.Release|x64.ActiveCfg = Release|x64
		{741FC9E7-E90C-4CB1-ADB3-2061E31EA865}.Release|x64.Build.0 = Release|x64
		{741FC9E7-E90C-4CB1-ADB3-2061E31EA865}.Release|x86.ActiveCfg = Release|Win32
		{741FC9E7-E90C-4CB1-ADB3-2061E31EA865}.Release|x86.Build.0 = Release|Win32
		{E294AE21-40EE-48B2-8F7D-465E3D4956F0}.Debug|x64.ActiveCfg = Debug|x64
		{E294AE21-40EE-48B2-8F7D-465E3D4956F0}.Debug|x64.Build.0 = Debug|x64
		{E294AE21-40EE-48B2-8F7D-465E3D4956F0}.Debug|x86.ActiveCfg = Debug|Win32
		{E294AE21-40EE-48B2-8F7D-465E3D4956F0}.Debug|x86.Build.0 = Debug|Win32
		{E294AE21-40EE-48B2-8F7D-465E3D4956F0}.Release|x64.ActiveCfg = Release|x64
		{E294AE21-40EE-48B2-8F7D-465E3D4956F0}.Release|x64.Build.0 = Release|x64
		{E294AE21-40EE-48B2-8F7D-465E3D4956F0}.Release|x86.ActiveCfg = Release|Win32
		{E294AE21-40EE-48B2-8F7D-465E3D4956F0}.Release|x86.Build.0 = Release|Win32
		{E57CD08E-7094-413E-98C4-B1687DA30A4F}.Debug|x64.ActiveCfg = Debug|x64
		{E57CD08E-7094-413E-98C4-B1687DA30A4F}.Debug|x64.Build.0 = Debug|x64
		{E57CD08E-7094-413E-98C4-B1687DA30A4F}.Debug|x86.ActiveCfg = Debug|Win32
		{E57CD08E-7094-413E-98C4-B1687DA30A4F}.Debug|x86.Build.0 = Debug|Win32
		{E57CD08E-7094-413E-98C4-B1687DA30A4F}.Release|x64.ActiveCfg = Release|x64
		{E57CD08E-7094-413E-98C4-B1687DA30A4F}.Release|x64.Build.0 = Release|x64
		{E57CD08E-7094-413E-98C4-B1687DA30A4F}.Release|x86.ActiveCfg = Release|Win32
		{E57CD08E-7094-413E-98C4-B1687DA30A4F}.Release|x86.Build.0 = Release|Win32
		{CD9DB477-8EAA-4AAE-8BAC-953FE23E50E8}.Debug|x64.ActiveCfg = Debug|x64
		{CD9DB477-8EAA-4AAE-8BAC-953FE23E50E8}.Debug|x64.Build.0 = Debug|x64
		{CD9DB477-8EAA-4AAE-8BAC-953FE23E50E8}.Debug|x86.ActiveCfg = Debug|Win32
		{CD9DB477-8EAA-4AAE-8BAC-953FE23E50E8}.Debug|x86.Build.0 = Debug|Win32
		{CD9DB477-8EAA-4AAE-8BAC-953FE23E50E8}.Release|x64.ActiveCfg = Release|x64
		{CD9DB477-8EAA-4AAE-8BAC-953FE23E50E8}.Release|x64.Build.0 = Release|x64
		{CD9DB477-8EAA-4AAE-8BAC-953FE23E50E8}.Release|x86.ActiveCfg = Release|Win32
		{CD9DB477-8EAA-4AAE-8BAC-953FE23E50E8}.Release|x86.Build.0 = Release|Win32
		{056D15BF-D90D-4F90-9CFE-497626F33560}.Debug|x64.ActiveCfg = Debug|x64
		{056D15BF-D90D-4F90-9CFE-497626F33560}.Debug|x64.Build.0 = Debug|x64
		{056D15BF-D90D-4F90-9CFE-497626F33560}.Debug|x86.ActiveCfg = Debug|Win32
		{056D15BF-D90D-4F90-9CFE-497626F33560}.Debug|x86.Build.0 = Debug|Win32
		{056D15BF-D90D-4F90-9CFE-497626F33560}.Release|x64.ActiveCfg = Release|x64
		{056D15BF-D90D-4F90-9CFE-497626F33560}.Release|x64.Build.0 = Release|x64
		{056D15BF-D90D-4F90-9CFE-497626F33560}.Release|x86.ActiveCfg = Release|Win32
		{056D15BF-D90D-4F90-9CFE-497626F33560}.Release|x86.Build.0 = Release|Win32
		{814A8C32-5516-431E-815E-DB339DEE0649}.Debug|x64.ActiveCfg = Debug|x64
		{814A8C32-5516-431E-815E-DB339DEE0649}.Debug|x64.Build.0 = Debug|x64
		{814A8C32-5516-431E-815E-DB339DEE0649}.Debug|x86.ActiveCfg = Debug|Win32
		{814A8C32-5516-431E-815E-DB339DEE0649}.Debug|x86.Build.0 = Debug|Win32
		{814A8C32-5516-431E-815E-DB339DEE0649}.Release|x64.ActiveCfg = Release|x64
		{814A8C32-5516-431E-815E-DB339DEE0649}.Release|x64.Build.0 = Release|x64
		{814A8C32-5516-431E-815E-DB339DEE0649}.Release|x86.ActiveCfg = Release|Win32
		{814A8C32-5516-431E-815E-DB339DEE0649}.Release|x86.Build.0 = Release|Win32
		{A65A460D-C4A4-4D84-849E-FE218016F677}.Debug|x64.ActiveCfg = Debug|x64
		{A65A460D-C4A4-4D84-849E-FE218016F677}.Debug|x64.Build.0 = Debug|x64
		{A65A460D-C4A4-4D84-849E-FE218016F677}.Debug|x86.ActiveCfg = Debug|Win32
		{A65A460D-C4A4-4D84-849E-FE218016F677}.Debug|x86.Build.0 = Debug|Win32
		{A65A460D-C4A4-4D84-849E-FE218016F677}.Release|x64.ActiveCfg = Release|x64
		{A65A460D-C4A4-4D84-849E-FE218016F677}.Release|x64.Build.0 = Release|x64
		{A65A460D-C4A4-4D84-849E-FE218016F677}.Release|x86.ActiveCfg = Release|Win32
		{A65A460D-C4A4-4D84-849E-FE218016F677}.Release|x86.Build.0 = Release|Win32
		{6F4D9994-7783-49DC-A34D-8164E0A339C2}.Debug|x64.ActiveCfg = Debug|x64
		{6F4D9994-7783-49DC-A34D-8164E0A339C2}.Debug|x64.Build.0 = Debug|x64
		{6F4D9994-7783-49DC-A34D-8164E0A339C2}.Debug|x86.ActiveCfg = Debug|Win32
		{6F4D9994-7783-49DC-A34D-8164E0A339C2}.Debug|x86.Build.0 = Debug|Win32
		{6F4D9994-7783-49DC-A34D-8164E0A339C2}.Release|x64.ActiveCfg = Release|x64
		{6F4D9994-7783-49DC-A34D-8164E0A339C2}.Release|x64.Build.0 = Release|x64
		{6F4D9994-7783-49DC-A34D-8164E0A339C2}.Release|x86.ActiveCfg = Release|Win32
		{6F4D9994-7783-49DC-A34D-8164E0A339C2}.Release|x86.Build.0 = Release|Win32
		{2F0FBEC7-5295-4FD8-AA1E-3C9C642DC344}.Debug|x64.ActiveCfg = Debug|x64
		{2F0FBEC7-5295-4FD8-AA1E-3C9C642DC344}.Debug|x64.Build.0 = Debug|x64
		{2F0FBEC7-5295-4FD8-AA1E-3C9C642DC344}.Debug|x86.ActiveCfg = Debug|Win32
		{2F0FBEC7-5295-4FD8-AA1E-3C9C642DC344}.Debug|x86.Build.0 = Debug|Win32
		{2F0FBEC7-5295-4FD8-AA1E-3C9C642DC344}.Release|x64.ActiveCfg = Release|x64
		{2F0FBEC7-5295-4FD8-AA1E-3C9C642DC344}.Release|x64.Build.0 = Release|x64
		{2F0FBEC7-5295-4FD8-AA1E-3C9C642DC344}.Release|x86.ActiveCfg = Release|Win32
		{2F0FBEC7-5295-4FD8-AA1E-3C9C642DC344}.Release|x86.Build.0 = Release|Win32
		{F3F40935-C6C8-44D1-89B0-350DEDD45DBC}.Debug|x64.ActiveCfg = Debug|x64
		{F3F40935-C6C8-44D1-89B0-350DEDD45DBC}.Debug|x64.Build.0 = Debug|x64
		{F3F40935-C6C8-44D1-89B0-350DEDD45DBC}.Debug|x86.ActiveCfg = Debug|Win32
		{F3F40935-C6C8-44D1-89B0-350DEDD45DBC}.Debug|x86.Build.0 = Debug|Win32
		{F3F40935-C6C8-44D1-89B0-350DEDD45DBC}.Release|x64.ActiveCfg = Release|x64
		{F3F40935-C6C8-44D1-89B0-350DEDD45DBC}.Release|x64.Build.0 = Release|x64
		{F3F40935-C6C8-44D1-89B0-350DEDD45DBC}.Release|x86.ActiveCfg = Release|Win32
		{F3F40935-C6C8-44D1-89B0-350DEDD45DBC}.Release|x86.Build.0 = Release|Win32
		{24DB8F4F-B29C-4EAD-9503-925003326B47}.Debug|x64.ActiveCfg = Debug|x64
		{24DB8F4F-B29C-4EAD-9503-925003326B47}.Debug|x64.Build.0 = Debug|x64
		{24DB8F4F-B29C-4EAD-9503-925003326B47}.Debug|x86.ActiveCfg = Debug|Win32
		{24DB8F4F-B29C-4EAD-9503-925003326B47}.Debug|x86.Build.0 = Debug|Win32
		{24DB8F4F-B29C-4EAD-9503-925003326B47}.Release|x64.ActiveCfg = Release|x64
		{24DB8F4F-B29C-4EAD-9503-925003326B47}.Release|x64.Build.0 = Release|x64
		{24DB8F4F-B29C-4EAD-9503-925003326B47}.Release|x86.ActiveCfg = Release|Win32
		{24DB8F4F-B29C-4EAD-9503-925003326B47}.Release|x86.Build.0 = Release|Win32
		{41909829-ECD0-4938-ACF8-B7636CFE3E68}.Debug|x64.ActiveCfg = Debug|x64
		{41909829-ECD0-4938-ACF8-B7636CFE3E68}.Debug|x64.Build.0 = Debug|x64
		{41909829-ECD0-4938-ACF8-B7636CFE3E68}.Debug|x86.ActiveCfg = Debug|Win32
		{41909829-ECD0-4938-ACF8-B7636CFE3E68}.Debug|x86.Build.0 = Debug|Win32
		{41909829-ECD0-4938-ACF8-B7636CFE3E68}.Release|x64.ActiveCfg = Release|x64
		{41909829-ECD0-4938-ACF8-B7636CFE3E68}.Release|x64.Build.0 = Release|x64
		{41909829-ECD0-4938-ACF8-B7636CFE3E68}.Release|x86.ActiveCfg = Release|Win32
		{41909829-ECD0-4938-ACF8-B7636CFE3E68}.Release|x86.Build.0 = Release|Win32
		{BFB2770F-6D3F-49FD-9734-765A16444826}.Debug|x64.ActiveCfg = Debug|x64
		{BFB2770F-6D3F-49FD-9734-765A16444826}.Debug|x64.Build.0 = Debug|x64
		{BFB2770F-6D3F-49FD-9734-765A16444826}.Debug|x86.ActiveCfg = Debug|Win32
		{BFB2770F-6D3F-49FD-9734-765A16444826}.Debug|x86.Build.0 = Debug|Win32
		{BFB2770F-6D3F-49FD-9734-765A16444826}.Release|x64.ActiveCfg = Release|x64
		{BFB2770F-6D3F-49FD-9734-765A16444826}.Release|x64.Build.0 = Release|x64
		{BFB2770F-6D3F-49FD-9734-765A16444826}.Release|x86.ActiveCfg = Release|Win32
		{BFB2770F-6D3F-49FD-9734-765A16444826}.Release|x86.Build.0 = Release|Win32
		{DA8618CB-13C4-4209-A06C-76B09E921BE2}.Debug|x64.ActiveCfg = Debug|x64
		{DA8618CB-13C4-4209-A06C-76B09E921BE2}.Debug|x64.Build.0 = Debug|x64
		{DA8618CB-13C4-4209-A06C-76B09E921BE2}.Debug|x86.ActiveCfg = Debug|Win32
		{DA8618CB-13C4-4209-A06C-76B09E921BE2}.Debug|x86.Build.0 = Debug|Win32
		{DA8618CB-13C4-4209-A06C-76B09E921BE2}.Release|x64.ActiveCfg = Release|x64
		{DA8618CB-13C4-4209-A06C-76B09E921BE2}.Release|x64.Build.0 = Release|x64
		{DA8618CB-13C4-4209-A06C-76B09E921BE2}.Release|x86.ActiveCfg = Release|Win32
		{DA8618CB-13C4-4209-A06C-76B09E921BE2}.Release|x86.Build.0 = Release|Win32
		{83D88497-9300-4913-9A71-F70804A9B7BC}.Debug|x64.ActiveCfg = Debug|x64
		{83D88497-9300-4913-9A71-F70804A9B7BC}.Debug|x64.Build.0 = Debug|x64
		{83D88497-9300-4913-9A71-F70804A9B7BC}.Debug|x86.ActiveCfg = Debug|Win32
		{83D88497-9300-4913-9A71-F70804A9B7BC}.Debug|x86.Build.0 = Debug|Win32
		{83D88497-9300-4913-9A71-F70804A9B7BC}.Release|x64.ActiveCfg = Release|x64
		{83D88497-9300-4913-9A71-F70804A9B7BC}.Release|x64.Build.0 = Release|x64
		{83D88497-9300-4913-9A71-F70804A9B7BC}.Release|x86.ActiveCfg = Release|Win32
		{83D88497-9300-4913-9A71-F70804A9B7BC}.Release|x86.Build.0 = Release|Win32
		{1564E6DC-DA68-4CF4-9648-FD2725998E18}.Debug|x64.ActiveCfg = Debug|x64
		{1564E6DC-DA68-4CF4-9648-FD2725998E18}.Debug|x64.Build.0 = Debug|x64
		{1564E6DC-DA68-4CF4-9648-FD2725998E18}.Debug|x86.ActiveCfg = Debug|Win32
		{1564E6DC-DA68-4CF4-9648-FD2725998E18}.Debug|x86.Build.0 = Debug|Win32
		{1564E6DC-DA68-4CF4-9648-FD2725998E18}.Release|x64.ActiveCfg = Release|x64
		{1564E6DC-DA68-4CF4-9648-FD2725998E18}.Release|x64.Build.0 = Release|x64
		{1564E6DC-DA68-4CF4-9648-FD2725998E18}.Release|x86.ActiveCfg = Release|Win32
		{1564E6DC-DA68-4CF4-9648-FD2725998E18}.Release|x86.Build.0 = Release|Win32
		{B276BDDD-E386-40F6-920F-51E2FC58F2B4}.Debug|x64.ActiveCfg = Debug|x64
		{B276BDDD-E386-40F6-920F-51E2FC58F2B4}.Debug|x64.Build.0 = Debug|x64
		{B276BDDD-E386-40F6-920F-51E2FC58F2B4}.Debug|x86.ActiveCfg = Debug|Win32
		{B276BDDD-E386-40F6-920F-51E2FC58F2B4}.Debug|x86.Build.0 = Debug|Win32
		{B276BDDD-E386-40F6-920F-51E2FC58F2B4}.Release|x64.ActiveCfg = Release|x64
		{B276BDDD-E386-40F6-920F-51E2FC58F2B4}.Release|x64.Build.0 = Release|x64
		{B276BDDD-E386-40F6-920F-51E2FC58F2B4}.Release|x86.ActiveCfg = Release|Win32
		{B276BDDD-E386-40F6-920F-51E2FC58F2B4}.Release|x86.Build.0 = Release|Win32
		{6D7911B7-351F-4E0A-A61C-8BC6E786809B}.Debug|x64.ActiveCfg = Debug|x64
		{6D7911B7-351F-4E0A-A61C-8BC6E786809B}.Debug|x64.Build.0 = Debug|x64
		{6D7911B7-351F-4E0A-A61C-8BC6E786809B}.Debug|x86.ActiveCfg = Debug|Win32
		{6D7911B7-351F-4E0A-A61C-8BC6E786809B}.Debug|x86.Build.0 = Debug|Win32
		{6D7911B7-351F-4E0A-A61C-8BC6E786809B}.Release|x64.ActiveCfg = Release|x64
		{6D7911B7-351F-4E0A-A61C-8BC6E786809B}.Release|x64.Build.0 = Release|x64
		{6D7911B7-351F-4E0A-A61C-8BC6E786809B}.Release|x86.ActiveCfg = Release|Win32
		{6D7911B7-351F-4E0A-A61C-8BC6E786809B}.Release|x86.Build.0 = Release|Win32
		{738FE8A3-A247-4022-946F-17A73C4344AB}.Debug|x64.ActiveCfg = Debug|x64
		{738FE8A3-A247-4022-946F-17A73C4344AB}.Debug|x64.Build.0 = Debug|x64
		{738FE8A3-A247-4022-946F-17A73C4344AB}.Debug|x86.ActiveCfg = Debug|Win32
		{738FE8A3-A247-4022-946F-17A73C4344AB}.Debug|x86.Build.0 = Debug|Win32
		{738FE8A3-A247-4022-946F-17A73C4344AB}.Release|x64.ActiveCfg = Release|x64
		{738FE8A3-A247-4022-946F-17A73C4344AB}.Release|x64.Build.0 = Release|x64
		{738FE8A3-A247-4022-946F-17A73C4344AB}.Release|x86.ActiveCfg = Release|Win32
		{738FE8A3-A247-4022-946F-17A73C4344AB}.Release|x86.Build.0 = Release|Win32
		{D5D9F6ED-2273-4455-AC21-A12875E6916F}.Debug|x64.ActiveCfg = Debug|x64
		{D5D9F6ED-2273-4455-AC21-A12875E6916F}.Debug|x64.Build.0 = Debug|x64
		{D5D9F6ED-2273-4455-AC21-A12875E6916F}.Debug|x86.ActiveCfg = Debug|Win32
		{D5D9F6ED-2273-4455-AC21-A12875E6916F}.Debug|x86.Build.0 = Debug|Win32
		{D5D9F6ED-2273-4455-AC21-A12875E6916F}.Release|x64.ActiveCfg = Release|x64
		{D5D9F6ED-2273-4455-AC21-A12875E6916F}.Release|x64.Build.0 = Release|x64
		{D5D9F6ED-2273-4455-AC21-A12875E6916F}.Release|x86.ActiveCfg = Release|Win32
		{D5D9F6ED-2273-4455-AC21-A12875E6916F}.Release|x86.Build.0 = Release|Win32
		{59AECCDF-0816-4479-B6D8-8BD422B9B608}.Debug|x64.ActiveCfg = Debug|x64
		{59AECCDF-0816-4479-B6D8-8BD422B9B608}.Debug|x64.Build.0 = Debug|x64
		{59AECCDF-0816-4479-B6D8-8BD422B9B608}.Debug|x86.ActiveCfg = Debug|Win32
		{59AECCDF-0816-4479-B6D8-8BD422B9B608}.Debug|x86.Build.0 = Debug|Win32
		{59AECCDF-0816-4479-B6D8-8BD422B9B608}.Release|x64.ActiveCfg = Release|x64
		{59AECCDF-0816-4479-B6D8-8BD422B9B608}.Release|x64.Build.0 = Release|x64
		{59AECCDF-0816-4479-B6D8-8BD422B9B608}.Release|x86.ActiveCfg = Release|Win32
		{59AECCDF-0816-4479-B6D8-8BD422B9B608}.Release|x86.Build.0 = Release|Win32
		{5F0C8F9A-6DAF-43D2-B7BF-D038296EC216}.Debug|x64.ActiveCfg = Debug|x64
		{5F0C8F9A-6DAF-43D2-B7BF-D038296EC216}.Debug|x64.Build.0 = Debug|x64
		{5F0C8F9A-6DAF-43D2-B7BF-D038296EC216}.Debug|x86.ActiveCfg = Debug|Win32
		{5F0C8F9A-6DAF-43D2-B7BF-D038296EC216}.Debug|x86.Build.0 = Debug|Win32
		{5F0C8F9A-6DAF-43D2-B7BF-D038296EC216}.Release|x64.ActiveCfg = Release|x64
		{5F0C8F9A-6DAF-43D2-B7BF-D038296EC216}.Release|x64.Build.0 = Release|x64
		{5F0C8F9A-6DAF-43D2-B7BF-D038296EC216}.Release|x86.ActiveCfg = Release|Win32
		{5F0C8F9A-6DAF-43D2-B7BF-D038296EC216}.Release|x86.Build.0 = Release|Win32
		{895874D0-B2C5-4EB1-A5D5-8691AD63C162}.Debug|x64.ActiveCfg = Debug|x64
		{895874D0-B2C5-4EB1-A5D5-8691AD63C162}.Debug|x64.Build.0 = Debug|x64
		{895874D0-B2C5-4EB1-A5D5-8691AD63C162}.Debug|x86.ActiveCfg = Debug|Win32
		{895874D0-B2C5-4EB1-A5D5-8691AD63C162}.Debug|x86.Build.0 = Debug|Win32
		{895874D0-B2C5-4EB1-A5D5-8691AD63C162}.Release|x64.ActiveCfg = Release|x64
		{895874D0-B2C5-4EB1-A5D5-8691AD63C162}.Release|x64.Build.0 = Release|x64
		{895874D0-B2C5-4EB1-A5D5-8691AD63C162}.Release|x86.ActiveCfg = Release|Win32
		{895874D0-B2C5-4EB1-A5D5-8691AD63C162}.Release|x86.Build.0 = Release|Win32
		{87E737B9-5B7C-4025-B071-500591CFBF68}.Debug|x64.ActiveCfg = Debug|x64
		{87E737B9-5B7C-4025-B071-500591CFBF68}.Debug|x64.Build.0 = Debug|x64
		{87E737B9-5B7C-4025-B071-500591CFBF68}.Debug|x86.ActiveCfg = Debug|Win32
		{87E737B9-5B7C-4025-B071-500591CFBF68}.Debug|x86.Build.0 = Debug|Win32
		{87E737B9-5B7C-4025-B071-500591CFBF68}.Release|x64.ActiveCfg = Release|x64
		{87E737B9-5B7C-4025-B071-500591CFBF68}.Release|x64.Build.0 = Release|x64
		{87E737B9-5B7C-4025-B071-500591CFBF68}.Release|x86.ActiveCfg = Release|Win32
		{87E737B9-5B7C-4025-B071-500591CFBF68}.Release|x86.Build.0 = Release|Win32
		{701C7712-71F7-4C83-A9CB-323A72E6EC83}.Debug|x64.ActiveCfg = Debug|x64
		{701C7712-71F7-4C83-A9CB-323A72E6EC83}.Debug|x64.Build.0 = Debug|x64
		{701C7712-71F7-4C83-A9CB-323A72E6EC83}.Debug|x86.ActiveCfg = Debug|Win32
		{701C7712-71F7-4C83-A9CB-323A72E6EC83}.Debug|x86.Build.0 = Debug|Win32
		{701C7712-71F7-4C83-A9CB-323A72E6EC83}.Release|x64.ActiveCfg = Release|x64
		{701C7712-71F7-4C83-A9CB-323A72E6EC83}.Release|x64.Build.0 = Release|x64
		{701C7712-71F7-4C83-A9CB-323A72E6EC83}.Release|x86.ActiveCfg = Release|Win32
		{701C7712-71F7-4C83-A9CB-323A72E6EC83}.Release|x86.Build.0 = Release|Win32
		{A42A8FBF-6FD1-410F-B7DA-7A067B803CAF}.Debug|x64.ActiveCfg = Debug|x64
		{A42A8FBF-6FD1-410F-B7DA-7A067B803CAF}.Debug|x64.Build.0 = Debug|x64
		{A42A8FBF-6FD1-410F-B7DA-7A067B803CAF}.Debug|x86.ActiveCfg = Debug|Win32
		{A42A8FBF-6FD1-410F-B7DA-7A067B803CAF}.Debug|x86.Build.0 = Debug|Win32
		{A42A8FBF-6FD1-410F-B7DA-7A067B803CAF}.Release|x64.ActiveCfg = Release|x64
		{A42A8FBF-6FD1-410F-B7DA-7A067B803CAF}.Release|x64.Build.0 = Release|x64
		{A42A8FBF-6FD1-410F-B7DA-7A067B803CAF}.Release|x86.ActiveCfg = Release|Win32
		{A42A8FBF-6FD1-410F-B7DA-7A067B803CAF}.Release|x86.Build.0 = Release|Win32
		{65B6E9AB-EE57-42FF-AE9D-627E14491CA7}.Debug|x64.ActiveCfg = Debug|x64
		{65B6E9AB-EE57-42FF-AE9D-627E14491CA7}.Debug|x64.Build.0 = Debug|x64
		{65B6E9AB-EE57-42FF-AE9D-627E14491CA7}.Debug|x86.ActiveCfg = Debug|Win32
		{65B6E9AB-EE57-42FF-AE9D-627E14491CA7}.Debug|x86.Build.0 = Debug|Win32
		{65B6E9AB-EE57-42FF-AE9D-627E14491CA7}.Release|x64.ActiveCfg = Release|x64
		{65B6E9AB-EE57-42FF-AE9D-627E14491CA7}.Release|x64.Build.0 = Release|x64
		{65B6E9AB-EE57-42FF-AE9D-627E14491CA7}.Release|x86.ActiveCfg = Release|Win32
		{65B6E9AB-EE57-42FF-AE9D-627E14491CA7}.Release|x86.Build.0 = Release|Win32
		{9BD6C59E-CA23-4AFD-84C8-A74C956B9E98}.Debug|x64.ActiveCfg = Debug|x64
		{9BD6C59E-CA23-4AFD-84C8-A74C956B9E98}.Debug|x64.Build.0 = Debug|x64
		{9BD6C59E-CA23-4AFD-84C8-A74C956B9E98}.Debug|x86.ActiveCfg = Debug|Win32
		{9BD6C59E-CA23-4AFD-84C8-A74C956B9E98}.Debug|x86.Build.0 = Debug|Win32
		{9BD6C59E-CA23-4AFD-84C8-A74C956B9E98}.Release|x64.ActiveCfg = Release|x64
		{9BD6C59E-CA23-4AFD-84C8-A74C956B9E98}.Release|x64.Build.0 = Release|x64
		{9BD6C59E-CA23-4AFD-84C8-A74C956B9E98}.Release|x86.ActiveCfg = Release|Win32
		{9BD6C59E-CA23-4AFD-84C8-A74C956B9E98}.Release|x86.Build.0 = Release|Win32
		{827288C8-BF84-478C-ABD3-2660F1F83DD4}.Debug|x64.ActiveCfg = Debug|x64
		{827288C8-BF84-478C-ABD3-2660F1F83DD4}.Debug|x64.Build.0 = Debug|x64
		{827288C8-BF84-478C-ABD3-2660F1F83DD4}.Debug|x86.ActiveCfg = Debug|Win32
		{827288C8-BF84-478C-ABD3-2660F1F83DD4}.Debug|x86.Build.0 = Debug|Win32
		{827288C8-BF84-478C-ABD3-2660F1F83DD4}.Release|x64.ActiveCfg = Release|x64
		{827288C8-BF84-478C-ABD3-2660F1F83DD4}.Release|x64.Build.0 = Release|x64
		{827288C8-BF84-478C-ABD3-2660F1F83DD4}.Release|x86.ActiveCfg = Release|Win32
		{827288C8-BF84-478C-ABD3-2660F1F83DD4}.Release|x86.Build.0 = Release|Win32
	EndGlobalSection
	GlobalSection(SolutionProperties) = preSolution
		HideSolutionNode = FALSE
	EndGlobalSection
	GlobalSection(NestedProjects) = preSolution
		{E57CD08E-7094-413E-98C4-B1687DA30A4F} = {E7E096DF-019C-4187-BA26-24531FB64F4F}
		{CD9DB477-8EAA-4AAE-8BAC-953FE23E50E8} = {E7E096DF-019C-4187-BA26-24531FB64F4F}
		{056D15BF-D90D-4F90-9CFE-497626F33560} = {E7E096DF-019C-4187-BA26-24531FB64F4F}
		{A65A460D-C4A4-4D84-849E-FE218016F677} = {54159404-64AC-4F74-9ADE-65EB6BD976DA}
		{6F4D9994-7783-49DC-A34D-8164E0A339C2} = {54159404-64AC-4F74-9ADE-65EB6BD976DA}
		{2F0FBEC7-5295-4FD8-AA1E-3C9C642DC344} = {54159404-64AC-4F74-9ADE-65EB6BD976DA}
		{F3F40935-C6C8-44D1-89B0-350DEDD45DBC} = {54159404-64AC-4F74-9ADE-65EB6BD976DA}
		{24DB8F4F-B29C-4EAD-9503-925003326B47} = {54159404-64AC-4F74-9ADE-65EB6BD976DA}
		{41909829-ECD0-4938-ACF8-B7636CFE3E68} = {54159404-64AC-4F74-9ADE-65EB6BD976DA}
		{BFB2770F-6D3F-49FD-9734-765A16444826} = {4392FED5-D942-4EA5-B88F-9F41451BB8A1}
		{DA8618CB-13C4-4209-A06C-76B09E921BE2} = {4392FED5-D942-4EA5-B88F-9F41451BB8A1}
		{1564E6DC-DA68-4CF4-9648-FD2725998E18} = {622DABFE-1B44-49E7-8067-364F8265C022}
		{B276BDDD-E386-40F6-920F-51E2FC58F2B4} = {622DABFE-1B44-49E7-8067-364F8265C022}
		{6D7911B7-351F-4E0A-A61C-8BC6E786809B} = {622DABFE-1B44-49E7-8067-364F8265C022}
		{738FE8A3-A247-4022-946F-17A73C4344AB} = {622DABFE-1B44-49E7-8067-364F8265C022}
		{D5D9F6ED-2273-4455-AC21-A12875E6916F} = {622DABFE-1B44-49E7-8067-364F8265C022}
		{59AECCDF-0816-4479-B6D8-8BD422B9B608} = {622DABFE-1B44-49E7-8067-364F8265C022}
		{5F0C8F9A-6DAF-43D2-B7BF-D038296EC216} = {FE3A9736-D1EF-46D9-B1F4-B8859635F437}
		{895874D0-B2C5-4EB1-A5D5-8691AD63C162} = {FE3A9736-D1EF-46D9-B1F4-B8859635F437}
		{87E737B9-5B7C-4025-B071-500591CFBF68} = {FE3A9736-D1EF-46D9-B1F4-B8859635F437}
		{701C7712-71F7-4C83-A9CB-323A72E6EC83} = {FE3A9736-D1EF-46D9-B1F4-B8859635F437}
		{A42A8FBF-6FD1-410F-B7DA-7A067B803CAF} = {FE3A9736-D1EF-46D9-B1F4-B8859635F437}
		{65B6E9AB-EE57-42FF-AE9D-627E14491CA7} = {FE3A9736-D1EF-46D9-B1F4-B8859635F437}
		{9BD6C59E-CA23-4AFD-84C8-A74C956B9E98} = {FE3A9736-D1EF-46D9-B1F4-B8859635F437}
		{827288C8-BF84-478C-ABD3-2660F1F83DD4} = {FE3A9736-D1EF-46D9-B1F4-B8859635F437}
	EndGlobalSection
	GlobalSection(ExtensibilityGlobals) = postSolution
		SolutionGuid = {029F7B0C-1756-45B2-A8A3-1934890FDD67}
	EndGlobalSection
EndGlobal
